
Microsoft Visual Studio Solution File, Format Version 11.00
# Visual C++ Express 2010
Project("{8BC9CEB8-8B4A-11D0-8D11-00A0C91BC942}") = "spinify", "spinify.vcxproj", "{0D181B2E-AC24-4750-0C17-DA66AEC22204}"
EndProject
Global
	GlobalSection(SolutionConfigurationPlatforms) = preSolution
		Debug|Win32 = Debug|Win32
		Release|Win32 = Release|Win32
	EndGlobalSection
	GlobalSection(ProjectConfigurationPlatforms) = postSolution
		{0D181B2E-AC24-4750-0C17-DA66AEC22204}.Debug|Win32.ActiveCfg = Debug|Win32
		{0D181B2E-AC24-4750-0C17-DA66AEC22204}.Debug|Win32.Build.0 = Debug|Win32
		{0D181B2E-AC24-4750-0C17-DA66AEC22204}.Release|Win32.ActiveCfg = Release|Win32
		{0D181B2E-AC24-4750-0C17-DA66AEC22204}.Release|Win32.Build.0 = Release|Win32
	EndGlobalSection
	GlobalSection(SolutionProperties) = preSolution
		HideSolutionNode = FALSE
	EndGlobalSection
EndGlobal
