// !$*UTF8*$!
{
	archiveVersion = 1;
	classes = {
	};
	objectVersion = 45;
	objects = {

/* Begin PBXBuildFile section */
		EB02ADF610FFBF77007A0422 /* Point3D.cpp in Sources */ = {isa = PBXBuildFile; fileRef = EB02ADF510FFBF77007A0422 /* Point3D.cpp */; };
		EB02ADF710FFBF77007A0422 /* Point3D.cpp in Sources */ = {isa = PBXBuildFile; fileRef = EB02ADF510FFBF77007A0422 /* Point3D.cpp */; };
		EB02ADF810FFC0B0007A0422 /* Point3D.cpp in Sources */ = {isa = PBXBuildFile; fileRef = EB02ADF510FFBF77007A0422 /* Point3D.cpp */; };
		EB02AE581100CF93007A0422 /* point3dtest.cpp in Sources */ = {isa = PBXBuildFile; fileRef = EB02AE571100CF93007A0422 /* point3dtest.cpp */; };
		EB02AE791100D756007A0422 /* Point3D.cpp in Sources */ = {isa = PBXBuildFile; fileRef = EB02ADF510FFBF77007A0422 /* Point3D.cpp */; };
		EB1577FD110CD53E00BBF178 /* Graph.cpp in Sources */ = {isa = PBXBuildFile; fileRef = EB2B6E7110E1770C006C32D5 /* Graph.cpp */; };
		EB1577FE110CD54700BBF178 /* Point3D.cpp in Sources */ = {isa = PBXBuildFile; fileRef = EB02ADF510FFBF77007A0422 /* Point3D.cpp */; };
		EB1577FF110CD55300BBF178 /* Surface.cpp in Sources */ = {isa = PBXBuildFile; fileRef = EB81A6BB10F7CFD70056EC81 /* Surface.cpp */; };
		EB157805110CD58300BBF178 /* tezuka.cpp in Sources */ = {isa = PBXBuildFile; fileRef = EB2B71B210EC4445006C32D5 /* tezuka.cpp */; };
		EB157882110D1B4C00BBF178 /* planedelaunaytest.cpp in Sources */ = {isa = PBXBuildFile; fileRef = EB157881110D1B4C00BBF178 /* planedelaunaytest.cpp */; };
		EB17BB91112DD3DD005B6660 /* Maths.cpp in Sources */ = {isa = PBXBuildFile; fileRef = EB17BB90112DD3DD005B6660 /* Maths.cpp */; };
		EB2B6E7010E176FC006C32D5 /* graphtest.cpp in Sources */ = {isa = PBXBuildFile; fileRef = EB2B6E6F10E176FC006C32D5 /* graphtest.cpp */; };
		EB2B6E7310E1770C006C32D5 /* Graph.cpp in Sources */ = {isa = PBXBuildFile; fileRef = EB2B6E7110E1770C006C32D5 /* Graph.cpp */; };
		EB2B6E7410E1770C006C32D5 /* Graph.cpp in Sources */ = {isa = PBXBuildFile; fileRef = EB2B6E7110E1770C006C32D5 /* Graph.cpp */; };
		EB2B6EB010E1802E006C32D5 /* main.cpp in Sources */ = {isa = PBXBuildFile; fileRef = EB2B6EAF10E1802E006C32D5 /* main.cpp */; };
		EB2B713210EA93B8006C32D5 /* recttest.cpp in Sources */ = {isa = PBXBuildFile; fileRef = EB2B713110EA93B8006C32D5 /* recttest.cpp */; };
		EB2B714510EA94F2006C32D5 /* Graph.cpp in Sources */ = {isa = PBXBuildFile; fileRef = EB2B6E7110E1770C006C32D5 /* Graph.cpp */; };
		EB2B71B410EC4445006C32D5 /* tezuka.cpp in Sources */ = {isa = PBXBuildFile; fileRef = EB2B71B210EC4445006C32D5 /* tezuka.cpp */; };
		EB2B71B510EC4445006C32D5 /* tezuka.cpp in Sources */ = {isa = PBXBuildFile; fileRef = EB2B71B210EC4445006C32D5 /* tezuka.cpp */; };
		EB34041C10FEAFFB00F16B12 /* spheretest.cpp in Sources */ = {isa = PBXBuildFile; fileRef = EB34041B10FEAFFB00F16B12 /* spheretest.cpp */; };
		EB34042710FEB7E700F16B12 /* Graph.cpp in Sources */ = {isa = PBXBuildFile; fileRef = EB2B6E7110E1770C006C32D5 /* Graph.cpp */; };
		EB34042810FEB7FA00F16B12 /* Surface.cpp in Sources */ = {isa = PBXBuildFile; fileRef = EB81A6BB10F7CFD70056EC81 /* Surface.cpp */; };
		EB34042910FEB80300F16B12 /* tezuka.cpp in Sources */ = {isa = PBXBuildFile; fileRef = EB2B71B210EC4445006C32D5 /* tezuka.cpp */; };
		EB45DBB210EDAFDD002D889B /* tezuka.cpp in Sources */ = {isa = PBXBuildFile; fileRef = EB2B71B210EC4445006C32D5 /* tezuka.cpp */; };
		EB45DBBC10EE7CC4002D889B /* Simul.cpp in Sources */ = {isa = PBXBuildFile; fileRef = EB45DBBB10EE7CC4002D889B /* Simul.cpp */; };
		EB45DBEA10EFC303002D889B /* Graph.cpp in Sources */ = {isa = PBXBuildFile; fileRef = EB2B6E7110E1770C006C32D5 /* Graph.cpp */; };
		EB45DBED10EFC309002D889B /* Simul.cpp in Sources */ = {isa = PBXBuildFile; fileRef = EB45DBBB10EE7CC4002D889B /* Simul.cpp */; };
		EB45DBEE10EFC30C002D889B /* swendsentest.cpp in Sources */ = {isa = PBXBuildFile; fileRef = EB45DBD110EFC2C2002D889B /* swendsentest.cpp */; };
		EB45DBEF10EFC30F002D889B /* tezuka.cpp in Sources */ = {isa = PBXBuildFile; fileRef = EB2B71B210EC4445006C32D5 /* tezuka.cpp */; };
		EB45DD1A10F13CBE002D889B /* simultest.cpp in Sources */ = {isa = PBXBuildFile; fileRef = EB45DD1910F13CBE002D889B /* simultest.cpp */; };
		EB45DD2010F13E4C002D889B /* Graph.cpp in Sources */ = {isa = PBXBuildFile; fileRef = EB2B6E7110E1770C006C32D5 /* Graph.cpp */; };
		EB45DD2210F13E52002D889B /* Simul.cpp in Sources */ = {isa = PBXBuildFile; fileRef = EB45DBBB10EE7CC4002D889B /* Simul.cpp */; };
		EB45DD2310F13E57002D889B /* tezuka.cpp in Sources */ = {isa = PBXBuildFile; fileRef = EB2B71B210EC4445006C32D5 /* tezuka.cpp */; };
		EB81A6BC10F7CFD70056EC81 /* Surface.cpp in Sources */ = {isa = PBXBuildFile; fileRef = EB81A6BB10F7CFD70056EC81 /* Surface.cpp */; };
		EB8DBC1410F2C47E00DE3109 /* randtest.cpp in Sources */ = {isa = PBXBuildFile; fileRef = EB8DBC1310F2C47E00DE3109 /* randtest.cpp */; };
		EB8DBC1510F2C49900DE3109 /* tezuka.cpp in Sources */ = {isa = PBXBuildFile; fileRef = EB2B71B210EC4445006C32D5 /* tezuka.cpp */; };
/* End PBXBuildFile section */

/* Begin PBXCopyFilesBuildPhase section */
		8DD76F690486A84900D96B5E /* CopyFiles */ = {
			isa = PBXCopyFilesBuildPhase;
			buildActionMask = 8;
			dstPath = /usr/share/man/man1/;
			dstSubfolderSpec = 0;
			files = (
			);
			runOnlyForDeploymentPostprocessing = 1;
		};
/* End PBXCopyFilesBuildPhase section */

/* Begin PBXFileReference section */
		8DD76F6C0486A84900D96B5E /* spinify */ = {isa = PBXFileReference; explicitFileType = "compiled.mach-o.executable"; includeInIndex = 0; path = spinify; sourceTree = BUILT_PRODUCTS_DIR; };
		EB02ADF410FFBF77007A0422 /* Point3D.h */ = {isa = PBXFileReference; fileEncoding = 4; lastKnownFileType = sourcecode.c.h; name = Point3D.h; path = src/Point3D.h; sourceTree = "<group>"; };
		EB02ADF510FFBF77007A0422 /* Point3D.cpp */ = {isa = PBXFileReference; fileEncoding = 4; lastKnownFileType = sourcecode.cpp.cpp; name = Point3D.cpp; path = src/Point3D.cpp; sourceTree = "<group>"; };
		EB02AE501100CF67007A0422 /* point3dtest */ = {isa = PBXFileReference; explicitFileType = "compiled.mach-o.executable"; includeInIndex = 0; path = point3dtest; sourceTree = BUILT_PRODUCTS_DIR; };
		EB02AE571100CF93007A0422 /* point3dtest.cpp */ = {isa = PBXFileReference; fileEncoding = 4; lastKnownFileType = sourcecode.cpp.cpp; name = point3dtest.cpp; path = test/point3dtest.cpp; sourceTree = "<group>"; };
		EB1577F4110CD34700BBF178 /* planedelaunaytest */ = {isa = PBXFileReference; explicitFileType = "compiled.mach-o.executable"; includeInIndex = 0; path = planedelaunaytest; sourceTree = BUILT_PRODUCTS_DIR; };
		EB157881110D1B4C00BBF178 /* planedelaunaytest.cpp */ = {isa = PBXFileReference; fileEncoding = 4; lastKnownFileType = sourcecode.cpp.cpp; name = planedelaunaytest.cpp; path = test/planedelaunaytest.cpp; sourceTree = "<group>"; };
		EB17BB8F112DD3DD005B6660 /* Maths.h */ = {isa = PBXFileReference; fileEncoding = 4; lastKnownFileType = sourcecode.c.h; name = Maths.h; path = src/Maths.h; sourceTree = "<group>"; };
		EB17BB90112DD3DD005B6660 /* Maths.cpp */ = {isa = PBXFileReference; fileEncoding = 4; lastKnownFileType = sourcecode.cpp.cpp; name = Maths.cpp; path = src/Maths.cpp; sourceTree = "<group>"; };
		EB2B6E0210E1624E006C32D5 /* graphtest */ = {isa = PBXFileReference; explicitFileType = "compiled.mach-o.executable"; includeInIndex = 0; path = graphtest; sourceTree = BUILT_PRODUCTS_DIR; };
		EB2B6E6F10E176FC006C32D5 /* graphtest.cpp */ = {isa = PBXFileReference; fileEncoding = 4; lastKnownFileType = sourcecode.cpp.cpp; name = graphtest.cpp; path = test/graphtest.cpp; sourceTree = "<group>"; };
		EB2B6E7110E1770C006C32D5 /* Graph.cpp */ = {isa = PBXFileReference; fileEncoding = 4; lastKnownFileType = sourcecode.cpp.cpp; name = Graph.cpp; path = src/Graph.cpp; sourceTree = "<group>"; };
		EB2B6E7210E1770C006C32D5 /* Graph.h */ = {isa = PBXFileReference; fileEncoding = 4; lastKnownFileType = sourcecode.c.h; name = Graph.h; path = src/Graph.h; sourceTree = "<group>"; };
		EB2B6EAE10E18018006C32D5 /* spinify.1 */ = {isa = PBXFileReference; fileEncoding = 4; lastKnownFileType = text.man; name = spinify.1; path = doc/spinify.1; sourceTree = "<group>"; };
		EB2B6EAF10E1802E006C32D5 /* main.cpp */ = {isa = PBXFileReference; fileEncoding = 4; lastKnownFileType = sourcecode.cpp.cpp; name = main.cpp; path = src/main.cpp; sourceTree = "<group>"; };
		EB2B712A10EA937B006C32D5 /* recttest */ = {isa = PBXFileReference; explicitFileType = "compiled.mach-o.executable"; includeInIndex = 0; path = recttest; sourceTree = BUILT_PRODUCTS_DIR; };
		EB2B713110EA93B8006C32D5 /* recttest.cpp */ = {isa = PBXFileReference; fileEncoding = 4; lastKnownFileType = sourcecode.cpp.cpp; name = recttest.cpp; path = test/recttest.cpp; sourceTree = "<group>"; };
		EB2B71B210EC4445006C32D5 /* tezuka.cpp */ = {isa = PBXFileReference; fileEncoding = 4; lastKnownFileType = sourcecode.cpp.cpp; name = tezuka.cpp; path = src/tezuka.cpp; sourceTree = "<group>"; };
		EB2B71B310EC4445006C32D5 /* tezuka.h */ = {isa = PBXFileReference; fileEncoding = 4; lastKnownFileType = sourcecode.c.h; name = tezuka.h; path = src/tezuka.h; sourceTree = "<group>"; };
		EB34041410FEAFBF00F16B12 /* spheretest */ = {isa = PBXFileReference; explicitFileType = "compiled.mach-o.executable"; includeInIndex = 0; path = spheretest; sourceTree = BUILT_PRODUCTS_DIR; };
		EB34041B10FEAFFB00F16B12 /* spheretest.cpp */ = {isa = PBXFileReference; fileEncoding = 4; lastKnownFileType = sourcecode.cpp.cpp; name = spheretest.cpp; path = test/spheretest.cpp; sourceTree = "<group>"; };
		EB45DB9710EDA509002D889B /* LICENSE */ = {isa = PBXFileReference; fileEncoding = 4; lastKnownFileType = text; path = LICENSE; sourceTree = "<group>"; };
		EB45DBBA10EE7CC4002D889B /* Simul.h */ = {isa = PBXFileReference; fileEncoding = 4; lastKnownFileType = sourcecode.c.h; name = Simul.h; path = src/Simul.h; sourceTree = "<group>"; };
		EB45DBBB10EE7CC4002D889B /* Simul.cpp */ = {isa = PBXFileReference; fileEncoding = 4; lastKnownFileType = sourcecode.cpp.cpp; name = Simul.cpp; path = src/Simul.cpp; sourceTree = "<group>"; };
		EB45DBD110EFC2C2002D889B /* swendsentest.cpp */ = {isa = PBXFileReference; fileEncoding = 4; lastKnownFileType = sourcecode.cpp.cpp; name = swendsentest.cpp; path = test/swendsentest.cpp; sourceTree = "<group>"; };
		EB45DBE610EFC2ED002D889B /* swendsentest */ = {isa = PBXFileReference; explicitFileType = "compiled.mach-o.executable"; includeInIndex = 0; path = swendsentest; sourceTree = BUILT_PRODUCTS_DIR; };
		EB45DD1210F13C99002D889B /* simultest */ = {isa = PBXFileReference; explicitFileType = "compiled.mach-o.executable"; includeInIndex = 0; path = simultest; sourceTree = BUILT_PRODUCTS_DIR; };
		EB45DD1910F13CBE002D889B /* simultest.cpp */ = {isa = PBXFileReference; fileEncoding = 4; lastKnownFileType = sourcecode.cpp.cpp; name = simultest.cpp; path = test/simultest.cpp; sourceTree = "<group>"; };
		EB81A6BA10F7CFD70056EC81 /* Surface.h */ = {isa = PBXFileReference; fileEncoding = 4; lastKnownFileType = sourcecode.c.h; name = Surface.h; path = src/Surface.h; sourceTree = "<group>"; };
		EB81A6BB10F7CFD70056EC81 /* Surface.cpp */ = {isa = PBXFileReference; fileEncoding = 4; lastKnownFileType = sourcecode.cpp.cpp; name = Surface.cpp; path = src/Surface.cpp; sourceTree = "<group>"; };
		EB8DBC0C10F2C45C00DE3109 /* randtest */ = {isa = PBXFileReference; explicitFileType = "compiled.mach-o.executable"; includeInIndex = 0; path = randtest; sourceTree = BUILT_PRODUCTS_DIR; };
		EB8DBC1310F2C47E00DE3109 /* randtest.cpp */ = {isa = PBXFileReference; fileEncoding = 4; lastKnownFileType = sourcecode.cpp.cpp; name = randtest.cpp; path = test/randtest.cpp; sourceTree = "<group>"; };
		EB8DBC6C10F2D45A00DE3109 /* Makefile */ = {isa = PBXFileReference; fileEncoding = 4; lastKnownFileType = sourcecode.make; path = Makefile; sourceTree = "<group>"; };
		EB8DBC7110F2E1CE00DE3109 /* Makefile */ = {isa = PBXFileReference; fileEncoding = 4; lastKnownFileType = sourcecode.make; name = Makefile; path = src/Makefile; sourceTree = "<group>"; };
		EB8DBC7410F2F2AB00DE3109 /* Makefile */ = {isa = PBXFileReference; fileEncoding = 4; lastKnownFileType = sourcecode.make; name = Makefile; path = test/Makefile; sourceTree = "<group>"; };
		EBFDAEC511250D75004C4973 /* mkrelease.sh */ = {isa = PBXFileReference; fileEncoding = 4; lastKnownFileType = text.script.sh; path = mkrelease.sh; sourceTree = "<group>"; };
		EBFDAEC611250EE8004C4973 /* README */ = {isa = PBXFileReference; fileEncoding = 4; lastKnownFileType = text; path = README; sourceTree = "<group>"; };
/* End PBXFileReference section */

/* Begin PBXFrameworksBuildPhase section */
		8DD76F660486A84900D96B5E /* Frameworks */ = {
			isa = PBXFrameworksBuildPhase;
			buildActionMask = 2147483647;
			files = (
			);
			runOnlyForDeploymentPostprocessing = 0;
		};
		EB02AE4E1100CF67007A0422 /* Frameworks */ = {
			isa = PBXFrameworksBuildPhase;
			buildActionMask = 2147483647;
			files = (
			);
			runOnlyForDeploymentPostprocessing = 0;
		};
		EB1577F2110CD34700BBF178 /* Frameworks */ = {
			isa = PBXFrameworksBuildPhase;
			buildActionMask = 2147483647;
			files = (
			);
			runOnlyForDeploymentPostprocessing = 0;
		};
		EB2B6E0010E1624E006C32D5 /* Frameworks */ = {
			isa = PBXFrameworksBuildPhase;
			buildActionMask = 2147483647;
			files = (
			);
			runOnlyForDeploymentPostprocessing = 0;
		};
		EB2B712810EA937B006C32D5 /* Frameworks */ = {
			isa = PBXFrameworksBuildPhase;
			buildActionMask = 2147483647;
			files = (
			);
			runOnlyForDeploymentPostprocessing = 0;
		};
		EB34041210FEAFBF00F16B12 /* Frameworks */ = {
			isa = PBXFrameworksBuildPhase;
			buildActionMask = 2147483647;
			files = (
			);
			runOnlyForDeploymentPostprocessing = 0;
		};
		EB45DBE410EFC2ED002D889B /* Frameworks */ = {
			isa = PBXFrameworksBuildPhase;
			buildActionMask = 2147483647;
			files = (
			);
			runOnlyForDeploymentPostprocessing = 0;
		};
		EB45DD1010F13C99002D889B /* Frameworks */ = {
			isa = PBXFrameworksBuildPhase;
			buildActionMask = 2147483647;
			files = (
			);
			runOnlyForDeploymentPostprocessing = 0;
		};
		EB8DBC0A10F2C45C00DE3109 /* Frameworks */ = {
			isa = PBXFrameworksBuildPhase;
			buildActionMask = 2147483647;
			files = (
			);
			runOnlyForDeploymentPostprocessing = 0;
		};
/* End PBXFrameworksBuildPhase section */

/* Begin PBXGroup section */
		08FB7794FE84155DC02AAC07 /* spinify */ = {
			isa = PBXGroup;
			children = (
				EB8DBC6C10F2D45A00DE3109 /* Makefile */,
				EBFDAEC511250D75004C4973 /* mkrelease.sh */,
				EB2B6E0C10E1628A006C32D5 /* Tests */,
				08FB7795FE84155DC02AAC07 /* Source */,
				C6859E8C029090F304C91782 /* Documentation */,
				1AB674ADFE9D54B511CA2CBB /* Products */,
			);
			name = spinify;
			sourceTree = "<group>";
		};
		08FB7795FE84155DC02AAC07 /* Source */ = {
			isa = PBXGroup;
			children = (
				EB8DBC7110F2E1CE00DE3109 /* Makefile */,
				EB2B6EAF10E1802E006C32D5 /* main.cpp */,
				EB17BB8F112DD3DD005B6660 /* Maths.h */,
				EB17BB90112DD3DD005B6660 /* Maths.cpp */,
				EB2B6E7210E1770C006C32D5 /* Graph.h */,
				EB2B6E7110E1770C006C32D5 /* Graph.cpp */,
				EB02ADF410FFBF77007A0422 /* Point3D.h */,
				EB02ADF510FFBF77007A0422 /* Point3D.cpp */,
				EB45DBBA10EE7CC4002D889B /* Simul.h */,
				EB45DBBB10EE7CC4002D889B /* Simul.cpp */,
				EB81A6BA10F7CFD70056EC81 /* Surface.h */,
				EB81A6BB10F7CFD70056EC81 /* Surface.cpp */,
				EB2B71B310EC4445006C32D5 /* tezuka.h */,
				EB2B71B210EC4445006C32D5 /* tezuka.cpp */,
			);
			name = Source;
			sourceTree = "<group>";
		};
		1AB674ADFE9D54B511CA2CBB /* Products */ = {
			isa = PBXGroup;
			children = (
				8DD76F6C0486A84900D96B5E /* spinify */,
				EB2B6E0210E1624E006C32D5 /* graphtest */,
				EB2B712A10EA937B006C32D5 /* recttest */,
				EB45DBE610EFC2ED002D889B /* swendsentest */,
				EB45DD1210F13C99002D889B /* simultest */,
				EB8DBC0C10F2C45C00DE3109 /* randtest */,
				EB34041410FEAFBF00F16B12 /* spheretest */,
				EB02AE501100CF67007A0422 /* point3dtest */,
				EB1577F4110CD34700BBF178 /* planedelaunaytest */,
			);
			name = Products;
			sourceTree = "<group>";
		};
		C6859E8C029090F304C91782 /* Documentation */ = {
			isa = PBXGroup;
			children = (
				EBFDAEC611250EE8004C4973 /* README */,
				EB45DB9710EDA509002D889B /* LICENSE */,
				EB2B6EAE10E18018006C32D5 /* spinify.1 */,
			);
			name = Documentation;
			sourceTree = "<group>";
		};
		EB2B6E0C10E1628A006C32D5 /* Tests */ = {
			isa = PBXGroup;
			children = (
				EB8DBC7410F2F2AB00DE3109 /* Makefile */,
				EB2B6E6F10E176FC006C32D5 /* graphtest.cpp */,
				EB157881110D1B4C00BBF178 /* planedelaunaytest.cpp */,
				EB02AE571100CF93007A0422 /* point3dtest.cpp */,
				EB2B713110EA93B8006C32D5 /* recttest.cpp */,
				EB8DBC1310F2C47E00DE3109 /* randtest.cpp */,
				EB45DD1910F13CBE002D889B /* simultest.cpp */,
				EB34041B10FEAFFB00F16B12 /* spheretest.cpp */,
				EB45DBD110EFC2C2002D889B /* swendsentest.cpp */,
			);
			name = Tests;
			sourceTree = "<group>";
		};
/* End PBXGroup section */

/* Begin PBXNativeTarget section */
		8DD76F620486A84900D96B5E /* spinify */ = {
			isa = PBXNativeTarget;
			buildConfigurationList = 1DEB923108733DC60010E9CD /* Build configuration list for PBXNativeTarget "spinify" */;
			buildPhases = (
				8DD76F640486A84900D96B5E /* Sources */,
				8DD76F660486A84900D96B5E /* Frameworks */,
				8DD76F690486A84900D96B5E /* CopyFiles */,
			);
			buildRules = (
			);
			dependencies = (
			);
			name = spinify;
			productInstallPath = "$(HOME)/bin";
			productName = spinify;
			productReference = 8DD76F6C0486A84900D96B5E /* spinify */;
			productType = "com.apple.product-type.tool";
		};
		EB02AE4F1100CF67007A0422 /* point3dtest */ = {
			isa = PBXNativeTarget;
			buildConfigurationList = EB02AE561100CF86007A0422 /* Build configuration list for PBXNativeTarget "point3dtest" */;
			buildPhases = (
				EB02AE4D1100CF67007A0422 /* Sources */,
				EB02AE4E1100CF67007A0422 /* Frameworks */,
			);
			buildRules = (
			);
			dependencies = (
			);
			name = point3dtest;
			productName = point3dtest;
			productReference = EB02AE501100CF67007A0422 /* point3dtest */;
			productType = "com.apple.product-type.tool";
		};
		EB1577F3110CD34700BBF178 /* planedelaunaytest */ = {
			isa = PBXNativeTarget;
			buildConfigurationList = EB1577FA110CD36600BBF178 /* Build configuration list for PBXNativeTarget "planedelaunaytest" */;
			buildPhases = (
				EB1577F1110CD34700BBF178 /* Sources */,
				EB1577F2110CD34700BBF178 /* Frameworks */,
			);
			buildRules = (
			);
			dependencies = (
			);
			name = planedelaunaytest;
			productName = planedelaunaytest;
			productReference = EB1577F4110CD34700BBF178 /* planedelaunaytest */;
			productType = "com.apple.product-type.tool";
		};
		EB2B6E0110E1624E006C32D5 /* graphtest */ = {
			isa = PBXNativeTarget;
			buildConfigurationList = EB2B6E0810E1626E006C32D5 /* Build configuration list for PBXNativeTarget "graphtest" */;
			buildPhases = (
				EB2B6DFF10E1624E006C32D5 /* Sources */,
				EB2B6E0010E1624E006C32D5 /* Frameworks */,
			);
			buildRules = (
			);
			dependencies = (
			);
			name = graphtest;
			productName = graphtest;
			productReference = EB2B6E0210E1624E006C32D5 /* graphtest */;
			productType = "com.apple.product-type.tool";
		};
		EB2B712910EA937B006C32D5 /* recttest */ = {
			isa = PBXNativeTarget;
			buildConfigurationList = EB2B713010EA939A006C32D5 /* Build configuration list for PBXNativeTarget "recttest" */;
			buildPhases = (
				EB2B712710EA937B006C32D5 /* Sources */,
				EB2B712810EA937B006C32D5 /* Frameworks */,
			);
			buildRules = (
			);
			dependencies = (
			);
			name = recttest;
			productName = recttest;
			productReference = EB2B712A10EA937B006C32D5 /* recttest */;
			productType = "com.apple.product-type.tool";
		};
		EB34041310FEAFBF00F16B12 /* spheretest */ = {
			isa = PBXNativeTarget;
			buildConfigurationList = EB34041A10FEAFDE00F16B12 /* Build configuration list for PBXNativeTarget "spheretest" */;
			buildPhases = (
				EB34041110FEAFBF00F16B12 /* Sources */,
				EB34041210FEAFBF00F16B12 /* Frameworks */,
			);
			buildRules = (
			);
			dependencies = (
			);
			name = spheretest;
			productName = spheretest;
			productReference = EB34041410FEAFBF00F16B12 /* spheretest */;
			productType = "com.apple.product-type.tool";
		};
		EB45DBE510EFC2ED002D889B /* swendsentest */ = {
			isa = PBXNativeTarget;
			buildConfigurationList = EB45DBF210EFC336002D889B /* Build configuration list for PBXNativeTarget "swendsentest" */;
			buildPhases = (
				EB45DBE310EFC2ED002D889B /* Sources */,
				EB45DBE410EFC2ED002D889B /* Frameworks */,
			);
			buildRules = (
			);
			dependencies = (
			);
			name = swendsentest;
			productName = swendsentest;
			productReference = EB45DBE610EFC2ED002D889B /* swendsentest */;
			productType = "com.apple.product-type.tool";
		};
		EB45DD1110F13C99002D889B /* simultest */ = {
			isa = PBXNativeTarget;
			buildConfigurationList = EB45DD1810F13CB8002D889B /* Build configuration list for PBXNativeTarget "simultest" */;
			buildPhases = (
				EB45DD0F10F13C99002D889B /* Sources */,
				EB45DD1010F13C99002D889B /* Frameworks */,
			);
			buildRules = (
			);
			dependencies = (
			);
			name = simultest;
			productName = simultest;
			productReference = EB45DD1210F13C99002D889B /* simultest */;
			productType = "com.apple.product-type.tool";
		};
		EB8DBC0B10F2C45C00DE3109 /* randtest */ = {
			isa = PBXNativeTarget;
			buildConfigurationList = EB8DBC1210F2C47B00DE3109 /* Build configuration list for PBXNativeTarget "randtest" */;
			buildPhases = (
				EB8DBC0910F2C45C00DE3109 /* Sources */,
				EB8DBC0A10F2C45C00DE3109 /* Frameworks */,
			);
			buildRules = (
			);
			dependencies = (
			);
			name = randtest;
			productName = randtest;
			productReference = EB8DBC0C10F2C45C00DE3109 /* randtest */;
			productType = "com.apple.product-type.tool";
		};
/* End PBXNativeTarget section */

/* Begin PBXProject section */
		08FB7793FE84155DC02AAC07 /* Project object */ = {
			isa = PBXProject;
			buildConfigurationList = 1DEB923508733DC60010E9CD /* Build configuration list for PBXProject "spinify" */;
			compatibilityVersion = "Xcode 3.1";
			hasScannedForEncodings = 1;
			mainGroup = 08FB7794FE84155DC02AAC07 /* spinify */;
			projectDirPath = "";
			projectRoot = "";
			targets = (
				8DD76F620486A84900D96B5E /* spinify */,
				EB2B6E0110E1624E006C32D5 /* graphtest */,
				EB2B712910EA937B006C32D5 /* recttest */,
				EB45DBE510EFC2ED002D889B /* swendsentest */,
				EB45DD1110F13C99002D889B /* simultest */,
				EB8DBC0B10F2C45C00DE3109 /* randtest */,
				EB34041310FEAFBF00F16B12 /* spheretest */,
				EB02AE4F1100CF67007A0422 /* point3dtest */,
				EB1577F3110CD34700BBF178 /* planedelaunaytest */,
			);
		};
/* End PBXProject section */

/* Begin PBXSourcesBuildPhase section */
		8DD76F640486A84900D96B5E /* Sources */ = {
			isa = PBXSourcesBuildPhase;
			buildActionMask = 2147483647;
			files = (
				EB2B6E7410E1770C006C32D5 /* Graph.cpp in Sources */,
				EB2B6EB010E1802E006C32D5 /* main.cpp in Sources */,
				EB2B71B410EC4445006C32D5 /* tezuka.cpp in Sources */,
				EB45DBBC10EE7CC4002D889B /* Simul.cpp in Sources */,
				EB81A6BC10F7CFD70056EC81 /* Surface.cpp in Sources */,
				EB02ADF710FFBF77007A0422 /* Point3D.cpp in Sources */,
				EB17BB91112DD3DD005B6660 /* Maths.cpp in Sources */,
			);
			runOnlyForDeploymentPostprocessing = 0;
		};
		EB02AE4D1100CF67007A0422 /* Sources */ = {
			isa = PBXSourcesBuildPhase;
			buildActionMask = 2147483647;
			files = (
				EB02AE581100CF93007A0422 /* point3dtest.cpp in Sources */,
				EB02AE791100D756007A0422 /* Point3D.cpp in Sources */,
			);
			runOnlyForDeploymentPostprocessing = 0;
		};
		EB1577F1110CD34700BBF178 /* Sources */ = {
			isa = PBXSourcesBuildPhase;
			buildActionMask = 2147483647;
			files = (
				EB1577FD110CD53E00BBF178 /* Graph.cpp in Sources */,
				EB1577FE110CD54700BBF178 /* Point3D.cpp in Sources */,
				EB1577FF110CD55300BBF178 /* Surface.cpp in Sources */,
				EB157805110CD58300BBF178 /* tezuka.cpp in Sources */,
				EB157882110D1B4C00BBF178 /* planedelaunaytest.cpp in Sources */,
			);
			runOnlyForDeploymentPostprocessing = 0;
		};
		EB2B6DFF10E1624E006C32D5 /* Sources */ = {
			isa = PBXSourcesBuildPhase;
			buildActionMask = 2147483647;
			files = (
				EB2B6E7010E176FC006C32D5 /* graphtest.cpp in Sources */,
				EB2B6E7310E1770C006C32D5 /* Graph.cpp in Sources */,
				EB45DBB210EDAFDD002D889B /* tezuka.cpp in Sources */,
				EB02ADF810FFC0B0007A0422 /* Point3D.cpp in Sources */,
			);
			runOnlyForDeploymentPostprocessing = 0;
		};
		EB2B712710EA937B006C32D5 /* Sources */ = {
			isa = PBXSourcesBuildPhase;
			buildActionMask = 2147483647;
			files = (
				EB2B713210EA93B8006C32D5 /* recttest.cpp in Sources */,
				EB2B714510EA94F2006C32D5 /* Graph.cpp in Sources */,
				EB2B71B510EC4445006C32D5 /* tezuka.cpp in Sources */,
			);
			runOnlyForDeploymentPostprocessing = 0;
		};
		EB34041110FEAFBF00F16B12 /* Sources */ = {
			isa = PBXSourcesBuildPhase;
			buildActionMask = 2147483647;
			files = (
				EB34041C10FEAFFB00F16B12 /* spheretest.cpp in Sources */,
				EB34042710FEB7E700F16B12 /* Graph.cpp in Sources */,
				EB34042810FEB7FA00F16B12 /* Surface.cpp in Sources */,
				EB34042910FEB80300F16B12 /* tezuka.cpp in Sources */,
				EB02ADF610FFBF77007A0422 /* Point3D.cpp in Sources */,
			);
			runOnlyForDeploymentPostprocessing = 0;
		};
		EB45DBE310EFC2ED002D889B /* Sources */ = {
			isa = PBXSourcesBuildPhase;
			buildActionMask = 2147483647;
			files = (
				EB45DBEA10EFC303002D889B /* Graph.cpp in Sources */,
				EB45DBED10EFC309002D889B /* Simul.cpp in Sources */,
				EB45DBEE10EFC30C002D889B /* swendsentest.cpp in Sources */,
				EB45DBEF10EFC30F002D889B /* tezuka.cpp in Sources */,
			);
			runOnlyForDeploymentPostprocessing = 0;
		};
		EB45DD0F10F13C99002D889B /* Sources */ = {
			isa = PBXSourcesBuildPhase;
			buildActionMask = 2147483647;
			files = (
				EB45DD1A10F13CBE002D889B /* simultest.cpp in Sources */,
				EB45DD2010F13E4C002D889B /* Graph.cpp in Sources */,
				EB45DD2210F13E52002D889B /* Simul.cpp in Sources */,
				EB45DD2310F13E57002D889B /* tezuka.cpp in Sources */,
			);
			runOnlyForDeploymentPostprocessing = 0;
		};
		EB8DBC0910F2C45C00DE3109 /* Sources */ = {
			isa = PBXSourcesBuildPhase;
			buildActionMask = 2147483647;
			files = (
				EB8DBC1410F2C47E00DE3109 /* randtest.cpp in Sources */,
				EB8DBC1510F2C49900DE3109 /* tezuka.cpp in Sources */,
			);
			runOnlyForDeploymentPostprocessing = 0;
		};
/* End PBXSourcesBuildPhase section */

/* Begin XCBuildConfiguration section */
		1DEB923208733DC60010E9CD /* Debug */ = {
			isa = XCBuildConfiguration;
			buildSettings = {
				ALWAYS_SEARCH_USER_PATHS = NO;
				COPY_PHASE_STRIP = NO;
				GCC_DYNAMIC_NO_PIC = NO;
				GCC_ENABLE_FIX_AND_CONTINUE = YES;
				GCC_MODEL_TUNING = G5;
				GCC_OPTIMIZATION_LEVEL = 0;
				GCC_PREPROCESSOR_DEFINITIONS = "";
				INSTALL_PATH = /usr/local/bin;
				PRODUCT_NAME = spinify;
			};
			name = Debug;
		};
		1DEB923308733DC60010E9CD /* Release */ = {
			isa = XCBuildConfiguration;
			buildSettings = {
				ALWAYS_SEARCH_USER_PATHS = NO;
				DEBUG_INFORMATION_FORMAT = "dwarf-with-dsym";
				GCC_MODEL_TUNING = G5;
				INSTALL_PATH = /usr/local/bin;
				PRODUCT_NAME = spinify;
			};
			name = Release;
		};
		1DEB923608733DC60010E9CD /* Debug */ = {
			isa = XCBuildConfiguration;
			buildSettings = {
				ARCHS = "$(ARCHS_STANDARD_32_64_BIT)";
				GCC_C_LANGUAGE_STANDARD = gnu99;
				GCC_OPTIMIZATION_LEVEL = 0;
				GCC_WARN_ABOUT_RETURN_TYPE = YES;
				GCC_WARN_UNUSED_VARIABLE = YES;
				ONLY_ACTIVE_ARCH = YES;
				PREBINDING = NO;
				SDKROOT = macosx10.6;
			};
			name = Debug;
		};
		1DEB923708733DC60010E9CD /* Release */ = {
			isa = XCBuildConfiguration;
			buildSettings = {
				ARCHS = "$(ARCHS_STANDARD_32_64_BIT)";
				GCC_C_LANGUAGE_STANDARD = gnu99;
				GCC_WARN_ABOUT_RETURN_TYPE = YES;
				GCC_WARN_UNUSED_VARIABLE = YES;
				PREBINDING = NO;
				SDKROOT = macosx10.6;
			};
			name = Release;
		};
		EB02AE521100CF68007A0422 /* Debug */ = {
			isa = XCBuildConfiguration;
			buildSettings = {
				ALWAYS_SEARCH_USER_PATHS = NO;
				COPY_PHASE_STRIP = NO;
				GCC_DYNAMIC_NO_PIC = NO;
				GCC_ENABLE_FIX_AND_CONTINUE = YES;
				GCC_MODEL_TUNING = G5;
				GCC_OPTIMIZATION_LEVEL = 0;
				INSTALL_PATH = /usr/local/bin;
				PREBINDING = NO;
				PRODUCT_NAME = point3dtest;
			};
			name = Debug;
		};
		EB02AE531100CF68007A0422 /* Release */ = {
			isa = XCBuildConfiguration;
			buildSettings = {
				ALWAYS_SEARCH_USER_PATHS = NO;
				COPY_PHASE_STRIP = YES;
				DEBUG_INFORMATION_FORMAT = "dwarf-with-dsym";
				GCC_ENABLE_FIX_AND_CONTINUE = NO;
				GCC_MODEL_TUNING = G5;
				INSTALL_PATH = /usr/local/bin;
				PREBINDING = NO;
				PRODUCT_NAME = point3dtest;
				ZERO_LINK = NO;
			};
			name = Release;
		};
		EB1577F6110CD34800BBF178 /* Debug */ = {
			isa = XCBuildConfiguration;
			buildSettings = {
				ALWAYS_SEARCH_USER_PATHS = NO;
				COPY_PHASE_STRIP = NO;
				GCC_DYNAMIC_NO_PIC = NO;
				GCC_ENABLE_FIX_AND_CONTINUE = YES;
				GCC_MODEL_TUNING = G5;
				GCC_OPTIMIZATION_LEVEL = 0;
				INSTALL_PATH = /usr/local/bin;
				PREBINDING = NO;
				PRODUCT_NAME = planedelaunaytest;
			};
			name = Debug;
		};
		EB1577F7110CD34800BBF178 /* Release */ = {
			isa = XCBuildConfiguration;
			buildSettings = {
				ALWAYS_SEARCH_USER_PATHS = NO;
				COPY_PHASE_STRIP = YES;
				DEBUG_INFORMATION_FORMAT = "dwarf-with-dsym";
				GCC_ENABLE_FIX_AND_CONTINUE = NO;
				GCC_MODEL_TUNING = G5;
				INSTALL_PATH = /usr/local/bin;
				PREBINDING = NO;
				PRODUCT_NAME = planedelaunaytest;
				ZERO_LINK = NO;
			};
			name = Release;
		};
		EB2B6E0410E1624F006C32D5 /* Debug */ = {
			isa = XCBuildConfiguration;
			buildSettings = {
				ALWAYS_SEARCH_USER_PATHS = NO;
				COPY_PHASE_STRIP = NO;
				GCC_DYNAMIC_NO_PIC = NO;
				GCC_ENABLE_FIX_AND_CONTINUE = YES;
				GCC_MODEL_TUNING = G5;
				GCC_OPTIMIZATION_LEVEL = 0;
				INSTALL_PATH = /usr/local/bin;
				PREBINDING = NO;
				PRODUCT_NAME = graphtest;
			};
			name = Debug;
		};
		EB2B6E0510E1624F006C32D5 /* Release */ = {
			isa = XCBuildConfiguration;
			buildSettings = {
				ALWAYS_SEARCH_USER_PATHS = NO;
				COPY_PHASE_STRIP = YES;
				DEBUG_INFORMATION_FORMAT = "dwarf-with-dsym";
				GCC_ENABLE_FIX_AND_CONTINUE = NO;
				GCC_MODEL_TUNING = G5;
				INSTALL_PATH = /usr/local/bin;
				PREBINDING = NO;
				PRODUCT_NAME = graphtest;
				ZERO_LINK = NO;
			};
			name = Release;
		};
		EB2B712C10EA937C006C32D5 /* Debug */ = {
			isa = XCBuildConfiguration;
			buildSettings = {
				ALWAYS_SEARCH_USER_PATHS = NO;
				COPY_PHASE_STRIP = NO;
				GCC_DYNAMIC_NO_PIC = NO;
				GCC_ENABLE_FIX_AND_CONTINUE = YES;
				GCC_MODEL_TUNING = G5;
				GCC_OPTIMIZATION_LEVEL = 0;
				INSTALL_PATH = /usr/local/bin;
				PREBINDING = NO;
				PRODUCT_NAME = recttest;
			};
			name = Debug;
		};
		EB2B712D10EA937C006C32D5 /* Release */ = {
			isa = XCBuildConfiguration;
			buildSettings = {
				ALWAYS_SEARCH_USER_PATHS = NO;
				COPY_PHASE_STRIP = YES;
				DEBUG_INFORMATION_FORMAT = "dwarf-with-dsym";
				GCC_ENABLE_FIX_AND_CONTINUE = NO;
				GCC_MODEL_TUNING = G5;
				INSTALL_PATH = /usr/local/bin;
				PREBINDING = NO;
				PRODUCT_NAME = recttest;
				ZERO_LINK = NO;
			};
			name = Release;
		};
		EB34041610FEAFC000F16B12 /* Debug */ = {
			isa = XCBuildConfiguration;
			buildSettings = {
				ALWAYS_SEARCH_USER_PATHS = NO;
				COPY_PHASE_STRIP = NO;
				GCC_DYNAMIC_NO_PIC = NO;
				GCC_ENABLE_FIX_AND_CONTINUE = YES;
				GCC_MODEL_TUNING = G5;
				GCC_OPTIMIZATION_LEVEL = 0;
				INSTALL_PATH = /usr/local/bin;
				PREBINDING = NO;
				PRODUCT_NAME = spheretest;
			};
			name = Debug;
		};
		EB34041710FEAFC000F16B12 /* Release */ = {
			isa = XCBuildConfiguration;
			buildSettings = {
				ALWAYS_SEARCH_USER_PATHS = NO;
				COPY_PHASE_STRIP = YES;
				DEBUG_INFORMATION_FORMAT = "dwarf-with-dsym";
				GCC_ENABLE_FIX_AND_CONTINUE = NO;
				GCC_MODEL_TUNING = G5;
				INSTALL_PATH = /usr/local/bin;
				PREBINDING = NO;
				PRODUCT_NAME = spheretest;
				ZERO_LINK = NO;
			};
			name = Release;
		};
		EB45DBE810EFC2EE002D889B /* Debug */ = {
			isa = XCBuildConfiguration;
			buildSettings = {
				ALWAYS_SEARCH_USER_PATHS = NO;
				COPY_PHASE_STRIP = NO;
				GCC_DYNAMIC_NO_PIC = NO;
				GCC_ENABLE_FIX_AND_CONTINUE = YES;
				GCC_MODEL_TUNING = G5;
				GCC_OPTIMIZATION_LEVEL = 0;
				INSTALL_PATH = /usr/local/bin;
				PREBINDING = NO;
				PRODUCT_NAME = swendsentest;
			};
			name = Debug;
		};
		EB45DBE910EFC2EE002D889B /* Release */ = {
			isa = XCBuildConfiguration;
			buildSettings = {
				ALWAYS_SEARCH_USER_PATHS = NO;
				COPY_PHASE_STRIP = YES;
				DEBUG_INFORMATION_FORMAT = "dwarf-with-dsym";
				GCC_ENABLE_FIX_AND_CONTINUE = NO;
				GCC_MODEL_TUNING = G5;
				INSTALL_PATH = /usr/local/bin;
				PREBINDING = NO;
				PRODUCT_NAME = swendsentest;
				ZERO_LINK = NO;
			};
			name = Release;
		};
		EB45DD1410F13C9A002D889B /* Debug */ = {
			isa = XCBuildConfiguration;
			buildSettings = {
				ALWAYS_SEARCH_USER_PATHS = NO;
				COPY_PHASE_STRIP = NO;
				GCC_DYNAMIC_NO_PIC = NO;
				GCC_ENABLE_FIX_AND_CONTINUE = YES;
				GCC_MODEL_TUNING = G5;
				GCC_OPTIMIZATION_LEVEL = 0;
				INSTALL_PATH = /usr/local/bin;
				PREBINDING = NO;
				PRODUCT_NAME = simultest;
			};
			name = Debug;
		};
		EB45DD1510F13C9A002D889B /* Release */ = {
			isa = XCBuildConfiguration;
			buildSettings = {
				ALWAYS_SEARCH_USER_PATHS = NO;
				COPY_PHASE_STRIP = YES;
				DEBUG_INFORMATION_FORMAT = "dwarf-with-dsym";
				GCC_ENABLE_FIX_AND_CONTINUE = NO;
				GCC_MODEL_TUNING = G5;
				INSTALL_PATH = /usr/local/bin;
				PREBINDING = NO;
				PRODUCT_NAME = simultest;
				ZERO_LINK = NO;
			};
			name = Release;
		};
		EB8DBC0E10F2C45D00DE3109 /* Debug */ = {
			isa = XCBuildConfiguration;
			buildSettings = {
				ALWAYS_SEARCH_USER_PATHS = NO;
				COPY_PHASE_STRIP = NO;
				GCC_DYNAMIC_NO_PIC = NO;
				GCC_ENABLE_FIX_AND_CONTINUE = YES;
				GCC_MODEL_TUNING = G5;
				GCC_OPTIMIZATION_LEVEL = 0;
				INSTALL_PATH = /usr/local/bin;
				PREBINDING = NO;
				PRODUCT_NAME = randtest;
			};
			name = Debug;
		};
		EB8DBC0F10F2C45D00DE3109 /* Release */ = {
			isa = XCBuildConfiguration;
			buildSettings = {
				ALWAYS_SEARCH_USER_PATHS = NO;
				COPY_PHASE_STRIP = YES;
				DEBUG_INFORMATION_FORMAT = "dwarf-with-dsym";
				GCC_ENABLE_FIX_AND_CONTINUE = NO;
				GCC_MODEL_TUNING = G5;
				INSTALL_PATH = /usr/local/bin;
				PREBINDING = NO;
				PRODUCT_NAME = randtest;
				ZERO_LINK = NO;
			};
			name = Release;
		};
/* End XCBuildConfiguration section */

/* Begin XCConfigurationList section */
		1DEB923108733DC60010E9CD /* Build configuration list for PBXNativeTarget "spinify" */ = {
			isa = XCConfigurationList;
			buildConfigurations = (
				1DEB923208733DC60010E9CD /* Debug */,
				1DEB923308733DC60010E9CD /* Release */,
			);
			defaultConfigurationIsVisible = 0;
			defaultConfigurationName = Release;
		};
		1DEB923508733DC60010E9CD /* Build configuration list for PBXProject "spinify" */ = {
			isa = XCConfigurationList;
			buildConfigurations = (
				1DEB923608733DC60010E9CD /* Debug */,
				1DEB923708733DC60010E9CD /* Release */,
			);
			defaultConfigurationIsVisible = 0;
			defaultConfigurationName = Release;
		};
		EB02AE561100CF86007A0422 /* Build configuration list for PBXNativeTarget "point3dtest" */ = {
			isa = XCConfigurationList;
			buildConfigurations = (
				EB02AE521100CF68007A0422 /* Debug */,
				EB02AE531100CF68007A0422 /* Release */,
			);
			defaultConfigurationIsVisible = 0;
			defaultConfigurationName = Release;
		};
		EB1577FA110CD36600BBF178 /* Build configuration list for PBXNativeTarget "planedelaunaytest" */ = {
			isa = XCConfigurationList;
			buildConfigurations = (
				EB1577F6110CD34800BBF178 /* Debug */,
				EB1577F7110CD34800BBF178 /* Release */,
			);
			defaultConfigurationIsVisible = 0;
			defaultConfigurationName = Release;
		};
		EB2B6E0810E1626E006C32D5 /* Build configuration list for PBXNativeTarget "graphtest" */ = {
			isa = XCConfigurationList;
			buildConfigurations = (
				EB2B6E0410E1624F006C32D5 /* Debug */,
				EB2B6E0510E1624F006C32D5 /* Release */,
			);
			defaultConfigurationIsVisible = 0;
			defaultConfigurationName = Release;
		};
		EB2B713010EA939A006C32D5 /* Build configuration list for PBXNativeTarget "recttest" */ = {
			isa = XCConfigurationList;
			buildConfigurations = (
				EB2B712C10EA937C006C32D5 /* Debug */,
				EB2B712D10EA937C006C32D5 /* Release */,
			);
			defaultConfigurationIsVisible = 0;
			defaultConfigurationName = Release;
		};
		EB34041A10FEAFDE00F16B12 /* Build configuration list for PBXNativeTarget "spheretest" */ = {
			isa = XCConfigurationList;
			buildConfigurations = (
				EB34041610FEAFC000F16B12 /* Debug */,
				EB34041710FEAFC000F16B12 /* Release */,
			);
			defaultConfigurationIsVisible = 0;
			defaultConfigurationName = Release;
		};
		EB45DBF210EFC336002D889B /* Build configuration list for PBXNativeTarget "swendsentest" */ = {
			isa = XCConfigurationList;
			buildConfigurations = (
				EB45DBE810EFC2EE002D889B /* Debug */,
				EB45DBE910EFC2EE002D889B /* Release */,
			);
			defaultConfigurationIsVisible = 0;
			defaultConfigurationName = Release;
		};
		EB45DD1810F13CB8002D889B /* Build configuration list for PBXNativeTarget "simultest" */ = {
			isa = XCConfigurationList;
			buildConfigurations = (
				EB45DD1410F13C9A002D889B /* Debug */,
				EB45DD1510F13C9A002D889B /* Release */,
			);
			defaultConfigurationIsVisible = 0;
			defaultConfigurationName = Release;
		};
		EB8DBC1210F2C47B00DE3109 /* Build configuration list for PBXNativeTarget "randtest" */ = {
			isa = XCConfigurationList;
			buildConfigurations = (
				EB8DBC0E10F2C45D00DE3109 /* Debug */,
				EB8DBC0F10F2C45D00DE3109 /* Release */,
			);
			defaultConfigurationIsVisible = 0;
			defaultConfigurationName = Release;
		};
/* End XCConfigurationList section */
	};
	rootObject = 08FB7793FE84155DC02AAC07 /* Project object */;
}
