// !$*UTF8*$!
{
	archiveVersion = 1;
	classes = {
	};
	objectVersion = 45;
	objects = {

/* Begin PBXBuildFile section */
		EB02ADF610FFBF77007A0422 /* Point3D.cpp in Sources */ = {isa = PBXBuildFile; fileRef = EB02ADF510FFBF77007A0422 /* Point3D.cpp */; };
		EB02ADF710FFBF77007A0422 /* Point3D.cpp in Sources */ = {isa = PBXBuildFile; fileRef = EB02ADF510FFBF77007A0422 /* Point3D.cpp */; };
		EB02ADF810FFC0B0007A0422 /* Point3D.cpp in Sources */ = {isa = PBXBuildFile; fileRef = EB02ADF510FFBF77007A0422 /* Point3D.cpp */; };
		EB02AE791100D756007A0422 /* Point3D.cpp in Sources */ = {isa = PBXBuildFile; fileRef = EB02ADF510FFBF77007A0422 /* Point3D.cpp */; };
		EB1577FD110CD53E00BBF178 /* Graph.cpp in Sources */ = {isa = PBXBuildFile; fileRef = EB2B6E7110E1770C006C32D5 /* Graph.cpp */; };
		EB1577FE110CD54700BBF178 /* Point3D.cpp in Sources */ = {isa = PBXBuildFile; fileRef = EB02ADF510FFBF77007A0422 /* Point3D.cpp */; };
		EB1577FF110CD55300BBF178 /* Surface.cpp in Sources */ = {isa = PBXBuildFile; fileRef = EB81A6BB10F7CFD70056EC81 /* Surface.cpp */; };
		EB157805110CD58300BBF178 /* tezuka.cpp in Sources */ = {isa = PBXBuildFile; fileRef = EB2B71B210EC4445006C32D5 /* tezuka.cpp */; };
		EB17BB91112DD3DD005B6660 /* Maths.cpp in Sources */ = {isa = PBXBuildFile; fileRef = EB17BB90112DD3DD005B6660 /* Maths.cpp */; };
		EB17BC05112DF0E0005B6660 /* ConfParser.cpp in Sources */ = {isa = PBXBuildFile; fileRef = EB17BC04112DF0E0005B6660 /* ConfParser.cpp */; };
		EB17BC1E112F2399005B6660 /* ConfParser.cpp in Sources */ = {isa = PBXBuildFile; fileRef = EB17BC04112DF0E0005B6660 /* ConfParser.cpp */; };
		EB2B6E7310E1770C006C32D5 /* Graph.cpp in Sources */ = {isa = PBXBuildFile; fileRef = EB2B6E7110E1770C006C32D5 /* Graph.cpp */; };
		EB2B6E7410E1770C006C32D5 /* Graph.cpp in Sources */ = {isa = PBXBuildFile; fileRef = EB2B6E7110E1770C006C32D5 /* Graph.cpp */; };
		EB2B6EB010E1802E006C32D5 /* main.cpp in Sources */ = {isa = PBXBuildFile; fileRef = EB2B6EAF10E1802E006C32D5 /* main.cpp */; };
		EB2B714510EA94F2006C32D5 /* Graph.cpp in Sources */ = {isa = PBXBuildFile; fileRef = EB2B6E7110E1770C006C32D5 /* Graph.cpp */; };
		EB2B71B410EC4445006C32D5 /* tezuka.cpp in Sources */ = {isa = PBXBuildFile; fileRef = EB2B71B210EC4445006C32D5 /* tezuka.cpp */; };
		EB2B71B510EC4445006C32D5 /* tezuka.cpp in Sources */ = {isa = PBXBuildFile; fileRef = EB2B71B210EC4445006C32D5 /* tezuka.cpp */; };
		EB34042710FEB7E700F16B12 /* Graph.cpp in Sources */ = {isa = PBXBuildFile; fileRef = EB2B6E7110E1770C006C32D5 /* Graph.cpp */; };
		EB34042810FEB7FA00F16B12 /* Surface.cpp in Sources */ = {isa = PBXBuildFile; fileRef = EB81A6BB10F7CFD70056EC81 /* Surface.cpp */; };
		EB34042910FEB80300F16B12 /* tezuka.cpp in Sources */ = {isa = PBXBuildFile; fileRef = EB2B71B210EC4445006C32D5 /* tezuka.cpp */; };
		EB45DBB210EDAFDD002D889B /* tezuka.cpp in Sources */ = {isa = PBXBuildFile; fileRef = EB2B71B210EC4445006C32D5 /* tezuka.cpp */; };
		EB45DBBC10EE7CC4002D889B /* Simul.cpp in Sources */ = {isa = PBXBuildFile; fileRef = EB45DBBB10EE7CC4002D889B /* Simul.cpp */; };
		EB45DBEA10EFC303002D889B /* Graph.cpp in Sources */ = {isa = PBXBuildFile; fileRef = EB2B6E7110E1770C006C32D5 /* Graph.cpp */; };
		EB45DBED10EFC309002D889B /* Simul.cpp in Sources */ = {isa = PBXBuildFile; fileRef = EB45DBBB10EE7CC4002D889B /* Simul.cpp */; };
		EB45DBEF10EFC30F002D889B /* tezuka.cpp in Sources */ = {isa = PBXBuildFile; fileRef = EB2B71B210EC4445006C32D5 /* tezuka.cpp */; };
		EB45DD2010F13E4C002D889B /* Graph.cpp in Sources */ = {isa = PBXBuildFile; fileRef = EB2B6E7110E1770C006C32D5 /* Graph.cpp */; };
		EB45DD2210F13E52002D889B /* Simul.cpp in Sources */ = {isa = PBXBuildFile; fileRef = EB45DBBB10EE7CC4002D889B /* Simul.cpp */; };
		EB45DD2310F13E57002D889B /* tezuka.cpp in Sources */ = {isa = PBXBuildFile; fileRef = EB2B71B210EC4445006C32D5 /* tezuka.cpp */; };
		EB59B6F31134C09300A209BC /* graphtest.cpp in Sources */ = {isa = PBXBuildFile; fileRef = EB59B6E91134C08300A209BC /* graphtest.cpp */; };
		EB59B6F41134C09900A209BC /* parsertest.cpp in Sources */ = {isa = PBXBuildFile; fileRef = EB59B6EA1134C08300A209BC /* parsertest.cpp */; };
		EB59B6F51134C0A100A209BC /* planedelaunaytest.cpp in Sources */ = {isa = PBXBuildFile; fileRef = EB59B6EB1134C08300A209BC /* planedelaunaytest.cpp */; };
		EB59B6F61134C0B800A209BC /* point3dtest.cpp in Sources */ = {isa = PBXBuildFile; fileRef = EB59B6EC1134C08300A209BC /* point3dtest.cpp */; };
		EB59B6F71134C0BD00A209BC /* randtest.cpp in Sources */ = {isa = PBXBuildFile; fileRef = EB59B6ED1134C08300A209BC /* randtest.cpp */; };
		EB59B6F81134C0C300A209BC /* recttest.cpp in Sources */ = {isa = PBXBuildFile; fileRef = EB59B6EE1134C08300A209BC /* recttest.cpp */; };
		EB59B6F91134C0C900A209BC /* simultest.cpp in Sources */ = {isa = PBXBuildFile; fileRef = EB59B6EF1134C08300A209BC /* simultest.cpp */; };
		EB59B6FA1134C0CF00A209BC /* spheretest.cpp in Sources */ = {isa = PBXBuildFile; fileRef = EB59B6F01134C08300A209BC /* spheretest.cpp */; };
		EB59B6FB1134C0DC00A209BC /* swendsentest.cpp in Sources */ = {isa = PBXBuildFile; fileRef = EB59B6F11134C08300A209BC /* swendsentest.cpp */; };
		EB59B7461134D15F00A209BC /* Maths.cpp in Sources */ = {isa = PBXBuildFile; fileRef = EB17BB90112DD3DD005B6660 /* Maths.cpp */; };
		EB59B7471134D16600A209BC /* Point3D.cpp in Sources */ = {isa = PBXBuildFile; fileRef = EB02ADF510FFBF77007A0422 /* Point3D.cpp */; };
		EB59B7511134D1C500A209BC /* Point3D.cpp in Sources */ = {isa = PBXBuildFile; fileRef = EB02ADF510FFBF77007A0422 /* Point3D.cpp */; };
		EB59B7561134D1F700A209BC /* Point3D.cpp in Sources */ = {isa = PBXBuildFile; fileRef = EB02ADF510FFBF77007A0422 /* Point3D.cpp */; };
		EB59B7571134D1FF00A209BC /* Surface.cpp in Sources */ = {isa = PBXBuildFile; fileRef = EB81A6BB10F7CFD70056EC81 /* Surface.cpp */; };
		EB59B75A1134D24D00A209BC /* Maths.cpp in Sources */ = {isa = PBXBuildFile; fileRef = EB17BB90112DD3DD005B6660 /* Maths.cpp */; };
		EB81A6BC10F7CFD70056EC81 /* Surface.cpp in Sources */ = {isa = PBXBuildFile; fileRef = EB81A6BB10F7CFD70056EC81 /* Surface.cpp */; };
		EB8DBC1510F2C49900DE3109 /* tezuka.cpp in Sources */ = {isa = PBXBuildFile; fileRef = EB2B71B210EC4445006C32D5 /* tezuka.cpp */; };
/* End PBXBuildFile section */

/* Begin PBXCopyFilesBuildPhase section */
		8DD76F690486A84900D96B5E /* CopyFiles */ = {
			isa = PBXCopyFilesBuildPhase;
			buildActionMask = 8;
			dstPath = /usr/share/man/man1/;
			dstSubfolderSpec = 0;
			files = (
			);
			runOnlyForDeploymentPostprocessing = 1;
		};
/* End PBXCopyFilesBuildPhase section */

/* Begin PBXFileReference section */
		8DD76F6C0486A84900D96B5E /* spinify */ = {isa = PBXFileReference; explicitFileType = "compiled.mach-o.executable"; includeInIndex = 0; path = spinify; sourceTree = BUILT_PRODUCTS_DIR; };
		EB02ADF410FFBF77007A0422 /* Point3D.h */ = {isa = PBXFileReference; fileEncoding = 4; lastKnownFileType = sourcecode.c.h; name = Point3D.h; path = src/Point3D.h; sourceTree = "<group>"; };
		EB02ADF510FFBF77007A0422 /* Point3D.cpp */ = {isa = PBXFileReference; fileEncoding = 4; lastKnownFileType = sourcecode.cpp.cpp; name = Point3D.cpp; path = src/Point3D.cpp; sourceTree = "<group>"; };
		EB02AE501100CF67007A0422 /* point3dtest */ = {isa = PBXFileReference; explicitFileType = "compiled.mach-o.executable"; includeInIndex = 0; path = point3dtest; sourceTree = BUILT_PRODUCTS_DIR; };
		EB1577F4110CD34700BBF178 /* planedelaunaytest */ = {isa = PBXFileReference; explicitFileType = "compiled.mach-o.executable"; includeInIndex = 0; path = planedelaunaytest; sourceTree = BUILT_PRODUCTS_DIR; };
		EB17BB8F112DD3DD005B6660 /* Maths.h */ = {isa = PBXFileReference; fileEncoding = 4; lastKnownFileType = sourcecode.c.h; name = Maths.h; path = src/Maths.h; sourceTree = "<group>"; };
		EB17BB90112DD3DD005B6660 /* Maths.cpp */ = {isa = PBXFileReference; fileEncoding = 4; lastKnownFileType = sourcecode.cpp.cpp; name = Maths.cpp; path = src/Maths.cpp; sourceTree = "<group>"; };
		EB17BC00112DEA0F005B6660 /* CONFIG */ = {isa = PBXFileReference; fileEncoding = 4; lastKnownFileType = text; name = CONFIG; path = doc/CONFIG; sourceTree = "<group>"; };
		EB17BC03112DF0E0005B6660 /* ConfParser.h */ = {isa = PBXFileReference; fileEncoding = 4; lastKnownFileType = sourcecode.c.h; name = ConfParser.h; path = src/ConfParser.h; sourceTree = "<group>"; };
		EB17BC04112DF0E0005B6660 /* ConfParser.cpp */ = {isa = PBXFileReference; fileEncoding = 4; lastKnownFileType = sourcecode.cpp.cpp; name = ConfParser.cpp; path = src/ConfParser.cpp; sourceTree = "<group>"; };
		EB17BC0A112F1F8C005B6660 /* parsertest */ = {isa = PBXFileReference; explicitFileType = "compiled.mach-o.executable"; includeInIndex = 0; path = parsertest; sourceTree = BUILT_PRODUCTS_DIR; };
		EB2B6E0210E1624E006C32D5 /* graphtest */ = {isa = PBXFileReference; explicitFileType = "compiled.mach-o.executable"; includeInIndex = 0; path = graphtest; sourceTree = BUILT_PRODUCTS_DIR; };
		EB2B6E7110E1770C006C32D5 /* Graph.cpp */ = {isa = PBXFileReference; fileEncoding = 4; lastKnownFileType = sourcecode.cpp.cpp; name = Graph.cpp; path = src/Graph.cpp; sourceTree = "<group>"; };
		EB2B6E7210E1770C006C32D5 /* Graph.h */ = {isa = PBXFileReference; fileEncoding = 4; lastKnownFileType = sourcecode.c.h; name = Graph.h; path = src/Graph.h; sourceTree = "<group>"; };
		EB2B6EAE10E18018006C32D5 /* spinify.1 */ = {isa = PBXFileReference; fileEncoding = 4; lastKnownFileType = text.man; name = spinify.1; path = doc/spinify.1; sourceTree = "<group>"; };
		EB2B6EAF10E1802E006C32D5 /* main.cpp */ = {isa = PBXFileReference; fileEncoding = 4; lastKnownFileType = sourcecode.cpp.cpp; name = main.cpp; path = src/main.cpp; sourceTree = "<group>"; };
		EB2B712A10EA937B006C32D5 /* recttest */ = {isa = PBXFileReference; explicitFileType = "compiled.mach-o.executable"; includeInIndex = 0; path = recttest; sourceTree = BUILT_PRODUCTS_DIR; };
		EB2B71B210EC4445006C32D5 /* tezuka.cpp */ = {isa = PBXFileReference; fileEncoding = 4; lastKnownFileType = sourcecode.cpp.cpp; name = tezuka.cpp; path = src/tezuka.cpp; sourceTree = "<group>"; };
		EB2B71B310EC4445006C32D5 /* tezuka.h */ = {isa = PBXFileReference; fileEncoding = 4; lastKnownFileType = sourcecode.c.h; name = tezuka.h; path = src/tezuka.h; sourceTree = "<group>"; };
		EB34041410FEAFBF00F16B12 /* spheretest */ = {isa = PBXFileReference; explicitFileType = "compiled.mach-o.executable"; includeInIndex = 0; path = spheretest; sourceTree = BUILT_PRODUCTS_DIR; };
		EB45DB9710EDA509002D889B /* LICENSE */ = {isa = PBXFileReference; fileEncoding = 4; lastKnownFileType = text; path = LICENSE; sourceTree = "<group>"; };
		EB45DBBA10EE7CC4002D889B /* Simul.h */ = {isa = PBXFileReference; fileEncoding = 4; lastKnownFileType = sourcecode.c.h; name = Simul.h; path = src/Simul.h; sourceTree = "<group>"; };
		EB45DBBB10EE7CC4002D889B /* Simul.cpp */ = {isa = PBXFileReference; fileEncoding = 4; lastKnownFileType = sourcecode.cpp.cpp; name = Simul.cpp; path = src/Simul.cpp; sourceTree = "<group>"; };
		EB45DBE610EFC2ED002D889B /* swendsentest */ = {isa = PBXFileReference; explicitFileType = "compiled.mach-o.executable"; includeInIndex = 0; path = swendsentest; sourceTree = BUILT_PRODUCTS_DIR; };
		EB45DD1210F13C99002D889B /* simultest */ = {isa = PBXFileReference; explicitFileType = "compiled.mach-o.executable"; includeInIndex = 0; path = simultest; sourceTree = BUILT_PRODUCTS_DIR; };
		EB4ADF841133808000BD3936 /* tezuka.h */ = {isa = PBXFileReference; fileEncoding = 4; lastKnownFileType = sourcecode.c.h; name = tezuka.h; path = src/win32/tezuka.h; sourceTree = "<group>"; };
		EB4ADF851133808100BD3936 /* tezuka.cpp */ = {isa = PBXFileReference; fileEncoding = 4; lastKnownFileType = sourcecode.cpp.cpp; name = tezuka.cpp; path = src/win32/tezuka.cpp; sourceTree = "<group>"; };
		EB59B6D91134641000A209BC /* INSTALL */ = {isa = PBXFileReference; fileEncoding = 4; lastKnownFileType = text; path = INSTALL; sourceTree = "<group>"; };
		EB59B6E31134BF8900A209BC /* Makefile.unix */ = {isa = PBXFileReference; fileEncoding = 4; lastKnownFileType = text; path = Makefile.unix; sourceTree = "<group>"; };
		EB59B6E41134BFB900A209BC /* Makefile.unix */ = {isa = PBXFileReference; fileEncoding = 4; lastKnownFileType = text; name = Makefile.unix; path = src/Makefile.unix; sourceTree = "<group>"; };
		EB59B6E81134C00600A209BC /* Makefile.am */ = {isa = PBXFileReference; fileEncoding = 4; lastKnownFileType = text; path = Makefile.am; sourceTree = "<group>"; };
		EB59B6E91134C08300A209BC /* graphtest.cpp */ = {isa = PBXFileReference; fileEncoding = 4; lastKnownFileType = sourcecode.cpp.cpp; name = graphtest.cpp; path = tests/graphtest.cpp; sourceTree = "<group>"; };
		EB59B6EA1134C08300A209BC /* parsertest.cpp */ = {isa = PBXFileReference; fileEncoding = 4; lastKnownFileType = sourcecode.cpp.cpp; name = parsertest.cpp; path = tests/parsertest.cpp; sourceTree = "<group>"; };
		EB59B6EB1134C08300A209BC /* planedelaunaytest.cpp */ = {isa = PBXFileReference; fileEncoding = 4; lastKnownFileType = sourcecode.cpp.cpp; name = planedelaunaytest.cpp; path = tests/planedelaunaytest.cpp; sourceTree = "<group>"; };
		EB59B6EC1134C08300A209BC /* point3dtest.cpp */ = {isa = PBXFileReference; fileEncoding = 4; lastKnownFileType = sourcecode.cpp.cpp; name = point3dtest.cpp; path = tests/point3dtest.cpp; sourceTree = "<group>"; };
		EB59B6ED1134C08300A209BC /* randtest.cpp */ = {isa = PBXFileReference; fileEncoding = 4; lastKnownFileType = sourcecode.cpp.cpp; name = randtest.cpp; path = tests/randtest.cpp; sourceTree = "<group>"; };
		EB59B6EE1134C08300A209BC /* recttest.cpp */ = {isa = PBXFileReference; fileEncoding = 4; lastKnownFileType = sourcecode.cpp.cpp; name = recttest.cpp; path = tests/recttest.cpp; sourceTree = "<group>"; };
		EB59B6EF1134C08300A209BC /* simultest.cpp */ = {isa = PBXFileReference; fileEncoding = 4; lastKnownFileType = sourcecode.cpp.cpp; name = simultest.cpp; path = tests/simultest.cpp; sourceTree = "<group>"; };
		EB59B6F01134C08300A209BC /* spheretest.cpp */ = {isa = PBXFileReference; fileEncoding = 4; lastKnownFileType = sourcecode.cpp.cpp; name = spheretest.cpp; path = tests/spheretest.cpp; sourceTree = "<group>"; };
		EB59B6F11134C08300A209BC /* swendsentest.cpp */ = {isa = PBXFileReference; fileEncoding = 4; lastKnownFileType = sourcecode.cpp.cpp; name = swendsentest.cpp; path = tests/swendsentest.cpp; sourceTree = "<group>"; };
		EB59B6F21134C08300A209BC /* Makefile.unix */ = {isa = PBXFileReference; fileEncoding = 4; lastKnownFileType = text; name = Makefile.unix; path = tests/Makefile.unix; sourceTree = "<group>"; };
		EB59B6FE1134C11C00A209BC /* Makefile.am */ = {isa = PBXFileReference; fileEncoding = 4; lastKnownFileType = text; name = Makefile.am; path = src/Makefile.am; sourceTree = "<group>"; };
		EB59B7011134C13100A209BC /* Makefile.am */ = {isa = PBXFileReference; fileEncoding = 4; lastKnownFileType = text; name = Makefile.am; path = tests/Makefile.am; sourceTree = "<group>"; };
		EB59B73A1134C2DA00A209BC /* configure.ac */ = {isa = PBXFileReference; fileEncoding = 4; lastKnownFileType = text; path = configure.ac; sourceTree = "<group>"; };
		EB59B73D1134CAA000A209BC /* Makefile.am */ = {isa = PBXFileReference; fileEncoding = 4; lastKnownFileType = text; name = Makefile.am; path = doc/Makefile.am; sourceTree = "<group>"; };
		EB81A6BA10F7CFD70056EC81 /* Surface.h */ = {isa = PBXFileReference; fileEncoding = 4; lastKnownFileType = sourcecode.c.h; name = Surface.h; path = src/Surface.h; sourceTree = "<group>"; };
		EB81A6BB10F7CFD70056EC81 /* Surface.cpp */ = {isa = PBXFileReference; fileEncoding = 4; lastKnownFileType = sourcecode.cpp.cpp; name = Surface.cpp; path = src/Surface.cpp; sourceTree = "<group>"; };
		EB8DBC0C10F2C45C00DE3109 /* randtest */ = {isa = PBXFileReference; explicitFileType = "compiled.mach-o.executable"; includeInIndex = 0; path = randtest; sourceTree = BUILT_PRODUCTS_DIR; };
		EBFDAEC511250D75004C4973 /* mkrelease.sh */ = {isa = PBXFileReference; fileEncoding = 4; lastKnownFileType = text.script.sh; path = mkrelease.sh; sourceTree = "<group>"; };
		EBFDAEC611250EE8004C4973 /* README */ = {isa = PBXFileReference; fileEncoding = 4; lastKnownFileType = text; path = README; sourceTree = "<group>"; };
/* End PBXFileReference section */

/* Begin PBXFrameworksBuildPhase section */
		8DD76F660486A84900D96B5E /* Frameworks */ = {
			isa = PBXFrameworksBuildPhase;
			buildActionMask = 2147483647;
			files = (
			);
			runOnlyForDeploymentPostprocessing = 0;
		};
		EB02AE4E1100CF67007A0422 /* Frameworks */ = {
			isa = PBXFrameworksBuildPhase;
			buildActionMask = 2147483647;
			files = (
			);
			runOnlyForDeploymentPostprocessing = 0;
		};
		EB1577F2110CD34700BBF178 /* Frameworks */ = {
			isa = PBXFrameworksBuildPhase;
			buildActionMask = 2147483647;
			files = (
			);
			runOnlyForDeploymentPostprocessing = 0;
		};
		EB17BC08112F1F8C005B6660 /* Frameworks */ = {
			isa = PBXFrameworksBuildPhase;
			buildActionMask = 2147483647;
			files = (
			);
			runOnlyForDeploymentPostprocessing = 0;
		};
		EB2B6E0010E1624E006C32D5 /* Frameworks */ = {
			isa = PBXFrameworksBuildPhase;
			buildActionMask = 2147483647;
			files = (
			);
			runOnlyForDeploymentPostprocessing = 0;
		};
		EB2B712810EA937B006C32D5 /* Frameworks */ = {
			isa = PBXFrameworksBuildPhase;
			buildActionMask = 2147483647;
			files = (
			);
			runOnlyForDeploymentPostprocessing = 0;
		};
		EB34041210FEAFBF00F16B12 /* Frameworks */ = {
			isa = PBXFrameworksBuildPhase;
			buildActionMask = 2147483647;
			files = (
			);
			runOnlyForDeploymentPostprocessing = 0;
		};
		EB45DBE410EFC2ED002D889B /* Frameworks */ = {
			isa = PBXFrameworksBuildPhase;
			buildActionMask = 2147483647;
			files = (
			);
			runOnlyForDeploymentPostprocessing = 0;
		};
		EB45DD1010F13C99002D889B /* Frameworks */ = {
			isa = PBXFrameworksBuildPhase;
			buildActionMask = 2147483647;
			files = (
			);
			runOnlyForDeploymentPostprocessing = 0;
		};
		EB8DBC0A10F2C45C00DE3109 /* Frameworks */ = {
			isa = PBXFrameworksBuildPhase;
			buildActionMask = 2147483647;
			files = (
			);
			runOnlyForDeploymentPostprocessing = 0;
		};
/* End PBXFrameworksBuildPhase section */

/* Begin PBXGroup section */
		08FB7794FE84155DC02AAC07 /* spinify */ = {
			isa = PBXGroup;
			children = (
				EB59B73A1134C2DA00A209BC /* configure.ac */,
				EB59B6E31134BF8900A209BC /* Makefile.unix */,
				EB59B6E81134C00600A209BC /* Makefile.am */,
				EBFDAEC511250D75004C4973 /* mkrelease.sh */,
				EB2B6E0C10E1628A006C32D5 /* Tests */,
				08FB7795FE84155DC02AAC07 /* Source */,
				C6859E8C029090F304C91782 /* Documentation */,
				1AB674ADFE9D54B511CA2CBB /* Products */,
			);
			name = spinify;
			sourceTree = "<group>";
		};
		08FB7795FE84155DC02AAC07 /* Source */ = {
			isa = PBXGroup;
			children = (
				EB59B6E41134BFB900A209BC /* Makefile.unix */,
				EB59B6FE1134C11C00A209BC /* Makefile.am */,
				EB2B6EAF10E1802E006C32D5 /* main.cpp */,
				EB17BC03112DF0E0005B6660 /* ConfParser.h */,
				EB17BC04112DF0E0005B6660 /* ConfParser.cpp */,
				EB17BB8F112DD3DD005B6660 /* Maths.h */,
				EB17BB90112DD3DD005B6660 /* Maths.cpp */,
				EB2B6E7210E1770C006C32D5 /* Graph.h */,
				EB2B6E7110E1770C006C32D5 /* Graph.cpp */,
				EB02ADF410FFBF77007A0422 /* Point3D.h */,
				EB02ADF510FFBF77007A0422 /* Point3D.cpp */,
				EB45DBBA10EE7CC4002D889B /* Simul.h */,
				EB45DBBB10EE7CC4002D889B /* Simul.cpp */,
				EB81A6BA10F7CFD70056EC81 /* Surface.h */,
				EB81A6BB10F7CFD70056EC81 /* Surface.cpp */,
				EB2B71B310EC4445006C32D5 /* tezuka.h */,
				EB2B71B210EC4445006C32D5 /* tezuka.cpp */,
				EB4ADF861133809500BD3936 /* win32 */,
			);
			name = Source;
			sourceTree = "<group>";
		};
		1AB674ADFE9D54B511CA2CBB /* Products */ = {
			isa = PBXGroup;
			children = (
				8DD76F6C0486A84900D96B5E /* spinify */,
				EB2B6E0210E1624E006C32D5 /* graphtest */,
				EB2B712A10EA937B006C32D5 /* recttest */,
				EB45DBE610EFC2ED002D889B /* swendsentest */,
				EB45DD1210F13C99002D889B /* simultest */,
				EB8DBC0C10F2C45C00DE3109 /* randtest */,
				EB34041410FEAFBF00F16B12 /* spheretest */,
				EB02AE501100CF67007A0422 /* point3dtest */,
				EB1577F4110CD34700BBF178 /* planedelaunaytest */,
				EB17BC0A112F1F8C005B6660 /* parsertest */,
			);
			name = Products;
			sourceTree = "<group>";
		};
		C6859E8C029090F304C91782 /* Documentation */ = {
			isa = PBXGroup;
			children = (
				EB59B73D1134CAA000A209BC /* Makefile.am */,
				EB17BC00112DEA0F005B6660 /* CONFIG */,
				EB59B6D91134641000A209BC /* INSTALL */,
				EB45DB9710EDA509002D889B /* LICENSE */,
				EBFDAEC611250EE8004C4973 /* README */,
				EB2B6EAE10E18018006C32D5 /* spinify.1 */,
			);
			name = Documentation;
			sourceTree = "<group>";
		};
		EB2B6E0C10E1628A006C32D5 /* Tests */ = {
			isa = PBXGroup;
			children = (
				EB59B6F21134C08300A209BC /* Makefile.unix */,
				EB59B7011134C13100A209BC /* Makefile.am */,
				EB59B6E91134C08300A209BC /* graphtest.cpp */,
				EB59B6EA1134C08300A209BC /* parsertest.cpp */,
				EB59B6EB1134C08300A209BC /* planedelaunaytest.cpp */,
				EB59B6EC1134C08300A209BC /* point3dtest.cpp */,
				EB59B6ED1134C08300A209BC /* randtest.cpp */,
				EB59B6EE1134C08300A209BC /* recttest.cpp */,
				EB59B6EF1134C08300A209BC /* simultest.cpp */,
				EB59B6F01134C08300A209BC /* spheretest.cpp */,
				EB59B6F11134C08300A209BC /* swendsentest.cpp */,
			);
			name = Tests;
			sourceTree = "<group>";
		};
		EB4ADF861133809500BD3936 /* win32 */ = {
			isa = PBXGroup;
			children = (
				EB4ADF841133808000BD3936 /* tezuka.h */,
				EB4ADF851133808100BD3936 /* tezuka.cpp */,
			);
			name = win32;
			sourceTree = "<group>";
		};
/* End PBXGroup section */

/* Begin PBXNativeTarget section */
		8DD76F620486A84900D96B5E /* spinify */ = {
			isa = PBXNativeTarget;
			buildConfigurationList = 1DEB923108733DC60010E9CD /* Build configuration list for PBXNativeTarget "spinify" */;
			buildPhases = (
				8DD76F640486A84900D96B5E /* Sources */,
				8DD76F660486A84900D96B5E /* Frameworks */,
				8DD76F690486A84900D96B5E /* CopyFiles */,
			);
			buildRules = (
			);
			dependencies = (
			);
			name = spinify;
			productInstallPath = "$(HOME)/bin";
			productName = spinify;
			productReference = 8DD76F6C0486A84900D96B5E /* spinify */;
			productType = "com.apple.product-type.tool";
		};
		EB02AE4F1100CF67007A0422 /* point3dtest */ = {
			isa = PBXNativeTarget;
			buildConfigurationList = EB02AE561100CF86007A0422 /* Build configuration list for PBXNativeTarget "point3dtest" */;
			buildPhases = (
				EB02AE4D1100CF67007A0422 /* Sources */,
				EB02AE4E1100CF67007A0422 /* Frameworks */,
			);
			buildRules = (
			);
			dependencies = (
			);
			name = point3dtest;
			productName = point3dtest;
			productReference = EB02AE501100CF67007A0422 /* point3dtest */;
			productType = "com.apple.product-type.tool";
		};
		EB1577F3110CD34700BBF178 /* planedelaunaytest */ = {
			isa = PBXNativeTarget;
			buildConfigurationList = EB1577FA110CD36600BBF178 /* Build configuration list for PBXNativeTarget "planedelaunaytest" */;
			buildPhases = (
				EB1577F1110CD34700BBF178 /* Sources */,
				EB1577F2110CD34700BBF178 /* Frameworks */,
			);
			buildRules = (
			);
			dependencies = (
			);
			name = planedelaunaytest;
			productName = planedelaunaytest;
			productReference = EB1577F4110CD34700BBF178 /* planedelaunaytest */;
			productType = "com.apple.product-type.tool";
		};
		EB17BC09112F1F8C005B6660 /* parsertest */ = {
			isa = PBXNativeTarget;
			buildConfigurationList = EB17BC0E112F1FAB005B6660 /* Build configuration list for PBXNativeTarget "parsertest" */;
			buildPhases = (
				EB17BC07112F1F8C005B6660 /* Sources */,
				EB17BC08112F1F8C005B6660 /* Frameworks */,
			);
			buildRules = (
			);
			dependencies = (
			);
			name = parsertest;
			productName = parsertest;
			productReference = EB17BC0A112F1F8C005B6660 /* parsertest */;
			productType = "com.apple.product-type.tool";
		};
		EB2B6E0110E1624E006C32D5 /* graphtest */ = {
			isa = PBXNativeTarget;
			buildConfigurationList = EB2B6E0810E1626E006C32D5 /* Build configuration list for PBXNativeTarget "graphtest" */;
			buildPhases = (
				EB2B6DFF10E1624E006C32D5 /* Sources */,
				EB2B6E0010E1624E006C32D5 /* Frameworks */,
			);
			buildRules = (
			);
			dependencies = (
			);
			name = graphtest;
			productName = graphtest;
			productReference = EB2B6E0210E1624E006C32D5 /* graphtest */;
			productType = "com.apple.product-type.tool";
		};
		EB2B712910EA937B006C32D5 /* recttest */ = {
			isa = PBXNativeTarget;
			buildConfigurationList = EB2B713010EA939A006C32D5 /* Build configuration list for PBXNativeTarget "recttest" */;
			buildPhases = (
				EB2B712710EA937B006C32D5 /* Sources */,
				EB2B712810EA937B006C32D5 /* Frameworks */,
			);
			buildRules = (
			);
			dependencies = (
			);
			name = recttest;
			productName = recttest;
			productReference = EB2B712A10EA937B006C32D5 /* recttest */;
			productType = "com.apple.product-type.tool";
		};
		EB34041310FEAFBF00F16B12 /* spheretest */ = {
			isa = PBXNativeTarget;
			buildConfigurationList = EB34041A10FEAFDE00F16B12 /* Build configuration list for PBXNativeTarget "spheretest" */;
			buildPhases = (
				EB34041110FEAFBF00F16B12 /* Sources */,
				EB34041210FEAFBF00F16B12 /* Frameworks */,
			);
			buildRules = (
			);
			dependencies = (
			);
			name = spheretest;
			productName = spheretest;
			productReference = EB34041410FEAFBF00F16B12 /* spheretest */;
			productType = "com.apple.product-type.tool";
		};
		EB45DBE510EFC2ED002D889B /* swendsentest */ = {
			isa = PBXNativeTarget;
			buildConfigurationList = EB45DBF210EFC336002D889B /* Build configuration list for PBXNativeTarget "swendsentest" */;
			buildPhases = (
				EB45DBE310EFC2ED002D889B /* Sources */,
				EB45DBE410EFC2ED002D889B /* Frameworks */,
			);
			buildRules = (
			);
			dependencies = (
			);
			name = swendsentest;
			productName = swendsentest;
			productReference = EB45DBE610EFC2ED002D889B /* swendsentest */;
			productType = "com.apple.product-type.tool";
		};
		EB45DD1110F13C99002D889B /* simultest */ = {
			isa = PBXNativeTarget;
			buildConfigurationList = EB45DD1810F13CB8002D889B /* Build configuration list for PBXNativeTarget "simultest" */;
			buildPhases = (
				EB45DD0F10F13C99002D889B /* Sources */,
				EB45DD1010F13C99002D889B /* Frameworks */,
			);
			buildRules = (
			);
			dependencies = (
			);
			name = simultest;
			productName = simultest;
			productReference = EB45DD1210F13C99002D889B /* simultest */;
			productType = "com.apple.product-type.tool";
		};
		EB8DBC0B10F2C45C00DE3109 /* randtest */ = {
			isa = PBXNativeTarget;
			buildConfigurationList = EB8DBC1210F2C47B00DE3109 /* Build configuration list for PBXNativeTarget "randtest" */;
			buildPhases = (
				EB8DBC0910F2C45C00DE3109 /* Sources */,
				EB8DBC0A10F2C45C00DE3109 /* Frameworks */,
			);
			buildRules = (
			);
			dependencies = (
			);
			name = randtest;
			productName = randtest;
			productReference = EB8DBC0C10F2C45C00DE3109 /* randtest */;
			productType = "com.apple.product-type.tool";
		};
/* End PBXNativeTarget section */

/* Begin PBXProject section */
		08FB7793FE84155DC02AAC07 /* Project object */ = {
			isa = PBXProject;
			buildConfigurationList = 1DEB923508733DC60010E9CD /* Build configuration list for PBXProject "spinify" */;
			compatibilityVersion = "Xcode 3.1";
			hasScannedForEncodings = 1;
			mainGroup = 08FB7794FE84155DC02AAC07 /* spinify */;
			projectDirPath = "";
			projectRoot = "";
			targets = (
				8DD76F620486A84900D96B5E /* spinify */,
				EB2B6E0110E1624E006C32D5 /* graphtest */,
				EB2B712910EA937B006C32D5 /* recttest */,
				EB45DBE510EFC2ED002D889B /* swendsentest */,
				EB45DD1110F13C99002D889B /* simultest */,
				EB8DBC0B10F2C45C00DE3109 /* randtest */,
				EB34041310FEAFBF00F16B12 /* spheretest */,
				EB02AE4F1100CF67007A0422 /* point3dtest */,
				EB1577F3110CD34700BBF178 /* planedelaunaytest */,
				EB17BC09112F1F8C005B6660 /* parsertest */,
			);
		};
/* End PBXProject section */

/* Begin PBXSourcesBuildPhase section */
		8DD76F640486A84900D96B5E /* Sources */ = {
			isa = PBXSourcesBuildPhase;
			buildActionMask = 2147483647;
			files = (
				EB2B6E7410E1770C006C32D5 /* Graph.cpp in Sources */,
				EB2B6EB010E1802E006C32D5 /* main.cpp in Sources */,
				EB2B71B410EC4445006C32D5 /* tezuka.cpp in Sources */,
				EB45DBBC10EE7CC4002D889B /* Simul.cpp in Sources */,
				EB81A6BC10F7CFD70056EC81 /* Surface.cpp in Sources */,
				EB02ADF710FFBF77007A0422 /* Point3D.cpp in Sources */,
				EB17BB91112DD3DD005B6660 /* Maths.cpp in Sources */,
				EB17BC05112DF0E0005B6660 /* ConfParser.cpp in Sources */,
			);
			runOnlyForDeploymentPostprocessing = 0;
		};
		EB02AE4D1100CF67007A0422 /* Sources */ = {
			isa = PBXSourcesBuildPhase;
			buildActionMask = 2147483647;
			files = (
				EB02AE791100D756007A0422 /* Point3D.cpp in Sources */,
				EB59B6F61134C0B800A209BC /* point3dtest.cpp in Sources */,
			);
			runOnlyForDeploymentPostprocessing = 0;
		};
		EB1577F1110CD34700BBF178 /* Sources */ = {
			isa = PBXSourcesBuildPhase;
			buildActionMask = 2147483647;
			files = (
				EB1577FD110CD53E00BBF178 /* Graph.cpp in Sources */,
				EB1577FE110CD54700BBF178 /* Point3D.cpp in Sources */,
				EB1577FF110CD55300BBF178 /* Surface.cpp in Sources */,
				EB157805110CD58300BBF178 /* tezuka.cpp in Sources */,
				EB59B6F51134C0A100A209BC /* planedelaunaytest.cpp in Sources */,
			);
			runOnlyForDeploymentPostprocessing = 0;
		};
		EB17BC07112F1F8C005B6660 /* Sources */ = {
			isa = PBXSourcesBuildPhase;
			buildActionMask = 2147483647;
			files = (
				EB17BC1E112F2399005B6660 /* ConfParser.cpp in Sources */,
				EB59B6F41134C09900A209BC /* parsertest.cpp in Sources */,
			);
			runOnlyForDeploymentPostprocessing = 0;
		};
		EB2B6DFF10E1624E006C32D5 /* Sources */ = {
			isa = PBXSourcesBuildPhase;
			buildActionMask = 2147483647;
			files = (
				EB2B6E7310E1770C006C32D5 /* Graph.cpp in Sources */,
				EB45DBB210EDAFDD002D889B /* tezuka.cpp in Sources */,
				EB02ADF810FFC0B0007A0422 /* Point3D.cpp in Sources */,
				EB59B6F31134C09300A209BC /* graphtest.cpp in Sources */,
			);
			runOnlyForDeploymentPostprocessing = 0;
		};
		EB2B712710EA937B006C32D5 /* Sources */ = {
			isa = PBXSourcesBuildPhase;
			buildActionMask = 2147483647;
			files = (
				EB2B714510EA94F2006C32D5 /* Graph.cpp in Sources */,
				EB2B71B510EC4445006C32D5 /* tezuka.cpp in Sources */,
				EB59B6F81134C0C300A209BC /* recttest.cpp in Sources */,
				EB59B7511134D1C500A209BC /* Point3D.cpp in Sources */,
			);
			runOnlyForDeploymentPostprocessing = 0;
		};
		EB34041110FEAFBF00F16B12 /* Sources */ = {
			isa = PBXSourcesBuildPhase;
			buildActionMask = 2147483647;
			files = (
				EB34042710FEB7E700F16B12 /* Graph.cpp in Sources */,
				EB34042810FEB7FA00F16B12 /* Surface.cpp in Sources */,
				EB34042910FEB80300F16B12 /* tezuka.cpp in Sources */,
				EB02ADF610FFBF77007A0422 /* Point3D.cpp in Sources */,
				EB59B6FA1134C0CF00A209BC /* spheretest.cpp in Sources */,
			);
			runOnlyForDeploymentPostprocessing = 0;
		};
		EB45DBE310EFC2ED002D889B /* Sources */ = {
			isa = PBXSourcesBuildPhase;
			buildActionMask = 2147483647;
			files = (
				EB45DBEA10EFC303002D889B /* Graph.cpp in Sources */,
				EB45DBED10EFC309002D889B /* Simul.cpp in Sources */,
				EB45DBEF10EFC30F002D889B /* tezuka.cpp in Sources */,
				EB59B6FB1134C0DC00A209BC /* swendsentest.cpp in Sources */,
				EB59B7461134D15F00A209BC /* Maths.cpp in Sources */,
				EB59B7471134D16600A209BC /* Point3D.cpp in Sources */,
			);
			runOnlyForDeploymentPostprocessing = 0;
		};
		EB45DD0F10F13C99002D889B /* Sources */ = {
			isa = PBXSourcesBuildPhase;
			buildActionMask = 2147483647;
			files = (
				EB45DD2010F13E4C002D889B /* Graph.cpp in Sources */,
				EB45DD2210F13E52002D889B /* Simul.cpp in Sources */,
				EB45DD2310F13E57002D889B /* tezuka.cpp in Sources */,
				EB59B6F91134C0C900A209BC /* simultest.cpp in Sources */,
				EB59B7561134D1F700A209BC /* Point3D.cpp in Sources */,
				EB59B7571134D1FF00A209BC /* Surface.cpp in Sources */,
				EB59B75A1134D24D00A209BC /* Maths.cpp in Sources */,
			);
			runOnlyForDeploymentPostprocessing = 0;
		};
		EB8DBC0910F2C45C00DE3109 /* Sources */ = {
			isa = PBXSourcesBuildPhase;
			buildActionMask = 2147483647;
			files = (
				EB8DBC1510F2C49900DE3109 /* tezuka.cpp in Sources */,
				EB59B6F71134C0BD00A209BC /* randtest.cpp in Sources */,
			);
			runOnlyForDeploymentPostprocessing = 0;
		};
/* End PBXSourcesBuildPhase section */

/* Begin XCBuildConfiguration section */
		1DEB923208733DC60010E9CD /* Debug */ = {
			isa = XCBuildConfiguration;
			buildSettings = {
				ALWAYS_SEARCH_USER_PATHS = NO;
				COPY_PHASE_STRIP = NO;
				GCC_DYNAMIC_NO_PIC = NO;
				GCC_ENABLE_FIX_AND_CONTINUE = YES;
				GCC_MODEL_TUNING = G5;
				GCC_OPTIMIZATION_LEVEL = 0;
				GCC_PREPROCESSOR_DEFINITIONS = "";
				INSTALL_PATH = /usr/local/bin;
				PRODUCT_NAME = spinify;
			};
			name = Debug;
		};
		1DEB923308733DC60010E9CD /* Release */ = {
			isa = XCBuildConfiguration;
			buildSettings = {
				ALWAYS_SEARCH_USER_PATHS = NO;
				DEBUG_INFORMATION_FORMAT = "dwarf-with-dsym";
				GCC_MODEL_TUNING = G5;
				INSTALL_PATH = /usr/local/bin;
				PRODUCT_NAME = spinify;
			};
			name = Release;
		};
		1DEB923608733DC60010E9CD /* Debug */ = {
			isa = XCBuildConfiguration;
			buildSettings = {
				ARCHS = "$(ARCHS_STANDARD_32_64_BIT)";
				GCC_C_LANGUAGE_STANDARD = gnu99;
				GCC_OPTIMIZATION_LEVEL = 0;
				GCC_WARN_ABOUT_RETURN_TYPE = YES;
				GCC_WARN_UNUSED_VARIABLE = YES;
				ONLY_ACTIVE_ARCH = YES;
				PREBINDING = NO;
				SDKROOT = macosx10.6;
			};
			name = Debug;
		};
		1DEB923708733DC60010E9CD /* Release */ = {
			isa = XCBuildConfiguration;
			buildSettings = {
				ARCHS = "$(ARCHS_STANDARD_32_64_BIT)";
				GCC_C_LANGUAGE_STANDARD = gnu99;
				GCC_WARN_ABOUT_RETURN_TYPE = YES;
				GCC_WARN_UNUSED_VARIABLE = YES;
				PREBINDING = NO;
				SDKROOT = macosx10.6;
			};
			name = Release;
		};
		EB02AE521100CF68007A0422 /* Debug */ = {
			isa = XCBuildConfiguration;
			buildSettings = {
				ALWAYS_SEARCH_USER_PATHS = NO;
				COPY_PHASE_STRIP = NO;
				GCC_DYNAMIC_NO_PIC = NO;
				GCC_ENABLE_FIX_AND_CONTINUE = YES;
				GCC_MODEL_TUNING = G5;
				GCC_OPTIMIZATION_LEVEL = 0;
				INSTALL_PATH = /usr/local/bin;
				PREBINDING = NO;
				PRODUCT_NAME = point3dtest;
			};
			name = Debug;
		};
		EB02AE531100CF68007A0422 /* Release */ = {
			isa = XCBuildConfiguration;
			buildSettings = {
				ALWAYS_SEARCH_USER_PATHS = NO;
				COPY_PHASE_STRIP = YES;
				DEBUG_INFORMATION_FORMAT = "dwarf-with-dsym";
				GCC_ENABLE_FIX_AND_CONTINUE = NO;
				GCC_MODEL_TUNING = G5;
				INSTALL_PATH = /usr/local/bin;
				PREBINDING = NO;
				PRODUCT_NAME = point3dtest;
				ZERO_LINK = NO;
			};
			name = Release;
		};
		EB1577F6110CD34800BBF178 /* Debug */ = {
			isa = XCBuildConfiguration;
			buildSettings = {
				ALWAYS_SEARCH_USER_PATHS = NO;
				COPY_PHASE_STRIP = NO;
				GCC_DYNAMIC_NO_PIC = NO;
				GCC_ENABLE_FIX_AND_CONTINUE = YES;
				GCC_MODEL_TUNING = G5;
				GCC_OPTIMIZATION_LEVEL = 0;
				INSTALL_PATH = /usr/local/bin;
				PREBINDING = NO;
				PRODUCT_NAME = planedelaunaytest;
			};
			name = Debug;
		};
		EB1577F7110CD34800BBF178 /* Release */ = {
			isa = XCBuildConfiguration;
			buildSettings = {
				ALWAYS_SEARCH_USER_PATHS = NO;
				COPY_PHASE_STRIP = YES;
				DEBUG_INFORMATION_FORMAT = "dwarf-with-dsym";
				GCC_ENABLE_FIX_AND_CONTINUE = NO;
				GCC_MODEL_TUNING = G5;
				INSTALL_PATH = /usr/local/bin;
				PREBINDING = NO;
				PRODUCT_NAME = planedelaunaytest;
				ZERO_LINK = NO;
			};
			name = Release;
		};
		EB17BC0C112F1F8D005B6660 /* Debug */ = {
			isa = XCBuildConfiguration;
			buildSettings = {
				ALWAYS_SEARCH_USER_PATHS = NO;
				COPY_PHASE_STRIP = NO;
				GCC_DYNAMIC_NO_PIC = NO;
				GCC_ENABLE_FIX_AND_CONTINUE = YES;
				GCC_MODEL_TUNING = G5;
				GCC_OPTIMIZATION_LEVEL = 0;
				INSTALL_PATH = /usr/local/bin;
				PREBINDING = NO;
				PRODUCT_NAME = parsertest;
			};
			name = Debug;
		};
		EB17BC0D112F1F8D005B6660 /* Release */ = {
			isa = XCBuildConfiguration;
			buildSettings = {
				ALWAYS_SEARCH_USER_PATHS = NO;
				COPY_PHASE_STRIP = YES;
				DEBUG_INFORMATION_FORMAT = "dwarf-with-dsym";
				GCC_ENABLE_FIX_AND_CONTINUE = NO;
				GCC_MODEL_TUNING = G5;
				INSTALL_PATH = /usr/local/bin;
				PREBINDING = NO;
				PRODUCT_NAME = parsertest;
				ZERO_LINK = NO;
			};
			name = Release;
		};
		EB2B6E0410E1624F006C32D5 /* Debug */ = {
			isa = XCBuildConfiguration;
			buildSettings = {
				ALWAYS_SEARCH_USER_PATHS = NO;
				COPY_PHASE_STRIP = NO;
				GCC_DYNAMIC_NO_PIC = NO;
				GCC_ENABLE_FIX_AND_CONTINUE = YES;
				GCC_MODEL_TUNING = G5;
				GCC_OPTIMIZATION_LEVEL = 0;
				INSTALL_PATH = /usr/local/bin;
				PREBINDING = NO;
				PRODUCT_NAME = graphtest;
			};
			name = Debug;
		};
		EB2B6E0510E1624F006C32D5 /* Release */ = {
			isa = XCBuildConfiguration;
			buildSettings = {
				ALWAYS_SEARCH_USER_PATHS = NO;
				COPY_PHASE_STRIP = YES;
				DEBUG_INFORMATION_FORMAT = "dwarf-with-dsym";
				GCC_ENABLE_FIX_AND_CONTINUE = NO;
				GCC_MODEL_TUNING = G5;
				INSTALL_PATH = /usr/local/bin;
				PREBINDING = NO;
				PRODUCT_NAME = graphtest;
				ZERO_LINK = NO;
			};
			name = Release;
		};
		EB2B712C10EA937C006C32D5 /* Debug */ = {
			isa = XCBuildConfiguration;
			buildSettings = {
				ALWAYS_SEARCH_USER_PATHS = NO;
				COPY_PHASE_STRIP = NO;
				GCC_DYNAMIC_NO_PIC = NO;
				GCC_ENABLE_FIX_AND_CONTINUE = YES;
				GCC_MODEL_TUNING = G5;
				GCC_OPTIMIZATION_LEVEL = 0;
				INSTALL_PATH = /usr/local/bin;
				PREBINDING = NO;
				PRODUCT_NAME = recttest;
			};
			name = Debug;
		};
		EB2B712D10EA937C006C32D5 /* Release */ = {
			isa = XCBuildConfiguration;
			buildSettings = {
				ALWAYS_SEARCH_USER_PATHS = NO;
				COPY_PHASE_STRIP = YES;
				DEBUG_INFORMATION_FORMAT = "dwarf-with-dsym";
				GCC_ENABLE_FIX_AND_CONTINUE = NO;
				GCC_MODEL_TUNING = G5;
				INSTALL_PATH = /usr/local/bin;
				PREBINDING = NO;
				PRODUCT_NAME = recttest;
				ZERO_LINK = NO;
			};
			name = Release;
		};
		EB34041610FEAFC000F16B12 /* Debug */ = {
			isa = XCBuildConfiguration;
			buildSettings = {
				ALWAYS_SEARCH_USER_PATHS = NO;
				COPY_PHASE_STRIP = NO;
				GCC_DYNAMIC_NO_PIC = NO;
				GCC_ENABLE_FIX_AND_CONTINUE = YES;
				GCC_MODEL_TUNING = G5;
				GCC_OPTIMIZATION_LEVEL = 0;
				INSTALL_PATH = /usr/local/bin;
				PREBINDING = NO;
				PRODUCT_NAME = spheretest;
			};
			name = Debug;
		};
		EB34041710FEAFC000F16B12 /* Release */ = {
			isa = XCBuildConfiguration;
			buildSettings = {
				ALWAYS_SEARCH_USER_PATHS = NO;
				COPY_PHASE_STRIP = YES;
				DEBUG_INFORMATION_FORMAT = "dwarf-with-dsym";
				GCC_ENABLE_FIX_AND_CONTINUE = NO;
				GCC_MODEL_TUNING = G5;
				INSTALL_PATH = /usr/local/bin;
				PREBINDING = NO;
				PRODUCT_NAME = spheretest;
				ZERO_LINK = NO;
			};
			name = Release;
		};
		EB45DBE810EFC2EE002D889B /* Debug */ = {
			isa = XCBuildConfiguration;
			buildSettings = {
				ALWAYS_SEARCH_USER_PATHS = NO;
				COPY_PHASE_STRIP = NO;
				GCC_DYNAMIC_NO_PIC = NO;
				GCC_ENABLE_FIX_AND_CONTINUE = YES;
				GCC_MODEL_TUNING = G5;
				GCC_OPTIMIZATION_LEVEL = 0;
				INSTALL_PATH = /usr/local/bin;
				PREBINDING = NO;
				PRODUCT_NAME = swendsentest;
			};
			name = Debug;
		};
		EB45DBE910EFC2EE002D889B /* Release */ = {
			isa = XCBuildConfiguration;
			buildSettings = {
				ALWAYS_SEARCH_USER_PATHS = NO;
				COPY_PHASE_STRIP = YES;
				DEBUG_INFORMATION_FORMAT = "dwarf-with-dsym";
				GCC_ENABLE_FIX_AND_CONTINUE = NO;
				GCC_MODEL_TUNING = G5;
				INSTALL_PATH = /usr/local/bin;
				PREBINDING = NO;
				PRODUCT_NAME = swendsentest;
				ZERO_LINK = NO;
			};
			name = Release;
		};
		EB45DD1410F13C9A002D889B /* Debug */ = {
			isa = XCBuildConfiguration;
			buildSettings = {
				ALWAYS_SEARCH_USER_PATHS = NO;
				COPY_PHASE_STRIP = NO;
				GCC_DYNAMIC_NO_PIC = NO;
				GCC_ENABLE_FIX_AND_CONTINUE = YES;
				GCC_MODEL_TUNING = G5;
				GCC_OPTIMIZATION_LEVEL = 0;
				INSTALL_PATH = /usr/local/bin;
				PREBINDING = NO;
				PRODUCT_NAME = simultest;
			};
			name = Debug;
		};
		EB45DD1510F13C9A002D889B /* Release */ = {
			isa = XCBuildConfiguration;
			buildSettings = {
				ALWAYS_SEARCH_USER_PATHS = NO;
				COPY_PHASE_STRIP = YES;
				DEBUG_INFORMATION_FORMAT = "dwarf-with-dsym";
				GCC_ENABLE_FIX_AND_CONTINUE = NO;
				GCC_MODEL_TUNING = G5;
				INSTALL_PATH = /usr/local/bin;
				PREBINDING = NO;
				PRODUCT_NAME = simultest;
				ZERO_LINK = NO;
			};
			name = Release;
		};
		EB8DBC0E10F2C45D00DE3109 /* Debug */ = {
			isa = XCBuildConfiguration;
			buildSettings = {
				ALWAYS_SEARCH_USER_PATHS = NO;
				COPY_PHASE_STRIP = NO;
				GCC_DYNAMIC_NO_PIC = NO;
				GCC_ENABLE_FIX_AND_CONTINUE = YES;
				GCC_MODEL_TUNING = G5;
				GCC_OPTIMIZATION_LEVEL = 0;
				INSTALL_PATH = /usr/local/bin;
				PREBINDING = NO;
				PRODUCT_NAME = randtest;
			};
			name = Debug;
		};
		EB8DBC0F10F2C45D00DE3109 /* Release */ = {
			isa = XCBuildConfiguration;
			buildSettings = {
				ALWAYS_SEARCH_USER_PATHS = NO;
				COPY_PHASE_STRIP = YES;
				DEBUG_INFORMATION_FORMAT = "dwarf-with-dsym";
				GCC_ENABLE_FIX_AND_CONTINUE = NO;
				GCC_MODEL_TUNING = G5;
				INSTALL_PATH = /usr/local/bin;
				PREBINDING = NO;
				PRODUCT_NAME = randtest;
				ZERO_LINK = NO;
			};
			name = Release;
		};
/* End XCBuildConfiguration section */

/* Begin XCConfigurationList section */
		1DEB923108733DC60010E9CD /* Build configuration list for PBXNativeTarget "spinify" */ = {
			isa = XCConfigurationList;
			buildConfigurations = (
				1DEB923208733DC60010E9CD /* Debug */,
				1DEB923308733DC60010E9CD /* Release */,
			);
			defaultConfigurationIsVisible = 0;
			defaultConfigurationName = Release;
		};
		1DEB923508733DC60010E9CD /* Build configuration list for PBXProject "spinify" */ = {
			isa = XCConfigurationList;
			buildConfigurations = (
				1DEB923608733DC60010E9CD /* Debug */,
				1DEB923708733DC60010E9CD /* Release */,
			);
			defaultConfigurationIsVisible = 0;
			defaultConfigurationName = Release;
		};
		EB02AE561100CF86007A0422 /* Build configuration list for PBXNativeTarget "point3dtest" */ = {
			isa = XCConfigurationList;
			buildConfigurations = (
				EB02AE521100CF68007A0422 /* Debug */,
				EB02AE531100CF68007A0422 /* Release */,
			);
			defaultConfigurationIsVisible = 0;
			defaultConfigurationName = Release;
		};
		EB1577FA110CD36600BBF178 /* Build configuration list for PBXNativeTarget "planedelaunaytest" */ = {
			isa = XCConfigurationList;
			buildConfigurations = (
				EB1577F6110CD34800BBF178 /* Debug */,
				EB1577F7110CD34800BBF178 /* Release */,
			);
			defaultConfigurationIsVisible = 0;
			defaultConfigurationName = Release;
		};
		EB17BC0E112F1FAB005B6660 /* Build configuration list for PBXNativeTarget "parsertest" */ = {
			isa = XCConfigurationList;
			buildConfigurations = (
				EB17BC0C112F1F8D005B6660 /* Debug */,
				EB17BC0D112F1F8D005B6660 /* Release */,
			);
			defaultConfigurationIsVisible = 0;
			defaultConfigurationName = Release;
		};
		EB2B6E0810E1626E006C32D5 /* Build configuration list for PBXNativeTarget "graphtest" */ = {
			isa = XCConfigurationList;
			buildConfigurations = (
				EB2B6E0410E1624F006C32D5 /* Debug */,
				EB2B6E0510E1624F006C32D5 /* Release */,
			);
			defaultConfigurationIsVisible = 0;
			defaultConfigurationName = Release;
		};
		EB2B713010EA939A006C32D5 /* Build configuration list for PBXNativeTarget "recttest" */ = {
			isa = XCConfigurationList;
			buildConfigurations = (
				EB2B712C10EA937C006C32D5 /* Debug */,
				EB2B712D10EA937C006C32D5 /* Release */,
			);
			defaultConfigurationIsVisible = 0;
			defaultConfigurationName = Release;
		};
		EB34041A10FEAFDE00F16B12 /* Build configuration list for PBXNativeTarget "spheretest" */ = {
			isa = XCConfigurationList;
			buildConfigurations = (
				EB34041610FEAFC000F16B12 /* Debug */,
				EB34041710FEAFC000F16B12 /* Release */,
			);
			defaultConfigurationIsVisible = 0;
			defaultConfigurationName = Release;
		};
		EB45DBF210EFC336002D889B /* Build configuration list for PBXNativeTarget "swendsentest" */ = {
			isa = XCConfigurationList;
			buildConfigurations = (
				EB45DBE810EFC2EE002D889B /* Debug */,
				EB45DBE910EFC2EE002D889B /* Release */,
			);
			defaultConfigurationIsVisible = 0;
			defaultConfigurationName = Release;
		};
		EB45DD1810F13CB8002D889B /* Build configuration list for PBXNativeTarget "simultest" */ = {
			isa = XCConfigurationList;
			buildConfigurations = (
				EB45DD1410F13C9A002D889B /* Debug */,
				EB45DD1510F13C9A002D889B /* Release */,
			);
			defaultConfigurationIsVisible = 0;
			defaultConfigurationName = Release;
		};
		EB8DBC1210F2C47B00DE3109 /* Build configuration list for PBXNativeTarget "randtest" */ = {
			isa = XCConfigurationList;
			buildConfigurations = (
				EB8DBC0E10F2C45D00DE3109 /* Debug */,
				EB8DBC0F10F2C45D00DE3109 /* Release */,
			);
			defaultConfigurationIsVisible = 0;
			defaultConfigurationName = Release;
		};
/* End XCConfigurationList section */
	};
	rootObject = 08FB7793FE84155DC02AAC07 /* Project object */;
}
